<?xml version="1.0" encoding="UTF-8"?>
<Scheme
   LastUpgradeVersion = "0800"
   version = "1.3">
   <BuildAction
      parallelizeBuildables = "NO"
      buildImplicitDependencies = "NO">
      <BuildActionEntries>
         <BuildActionEntry
            buildForTesting = "YES"
            buildForRunning = "YES"
            buildForProfiling = "YES"
            buildForArchiving = "YES"
            buildForAnalyzing = "YES">
            <BuildableReference
               BuildableIdentifier = "primary"
               BlueprintIdentifier = "57FCDE3C1BA280DC00130C48"
               BuildableName = "Result.framework"
               BlueprintName = "Result-tvOS"
               ReferencedContainer = "container:Carthage/Checkouts/Result/Result.xcodeproj">
            </BuildableReference>
         </BuildActionEntry>
         <BuildActionEntry
            buildForTesting = "YES"
            buildForRunning = "YES"
            buildForProfiling = "YES"
            buildForArchiving = "YES"
            buildForAnalyzing = "YES">
            <BuildableReference
               BuildableIdentifier = "primary"
               BlueprintIdentifier = "57A4D1AF1BA13D7A00F7D4B1"
               BuildableName = "ReactiveSwift.framework"
               BlueprintName = "ReactiveSwift-tvOS"
               ReferencedContainer = "container:Carthage/Checkouts/ReactiveSwift/ReactiveSwift.xcodeproj">
            </BuildableReference>
         </BuildActionEntry>
         <BuildActionEntry
            buildForTesting = "YES"
            buildForRunning = "YES"
            buildForProfiling = "YES"
            buildForArchiving = "YES"
            buildForAnalyzing = "YES">
            <BuildableReference
               BuildableIdentifier = "primary"
               BlueprintIdentifier = "57A4D1AF1BA13D7A00F7D4B1"
               BuildableName = "ReactiveCocoa.framework"
               BlueprintName = "ReactiveCocoa-tvOS"
               ReferencedContainer = "container:ReactiveCocoa.xcodeproj">
            </BuildableReference>
         </BuildActionEntry>
         <BuildActionEntry
            buildForTesting = "YES"
            buildForRunning = "NO"
            buildForProfiling = "NO"
            buildForArchiving = "NO"
            buildForAnalyzing = "NO">
            <BuildableReference
               BuildableIdentifier = "primary"
               BlueprintIdentifier = "1F5DF1541BDCA0CE00C3A531"
               BuildableName = "Nimble.framework"
               BlueprintName = "Nimble-tvOS"
               ReferencedContainer = "container:Carthage/Checkouts/Nimble/Nimble.xcodeproj">
            </BuildableReference>
         </BuildActionEntry>
         <BuildActionEntry
            buildForTesting = "YES"
            buildForRunning = "NO"
            buildForProfiling = "NO"
            buildForArchiving = "NO"
            buildForAnalyzing = "NO">
            <BuildableReference
               BuildableIdentifier = "primary"
               BlueprintIdentifier = "1F118CD41BDCA4AB005013A2"
               BuildableName = "Quick.framework"
               BlueprintName = "Quick-tvOS"
               ReferencedContainer = "container:Carthage/Checkouts/Quick/Quick.xcodeproj">
            </BuildableReference>
         </BuildActionEntry>
      </BuildActionEntries>
   </BuildAction>
   <TestAction
      buildConfiguration = "Debug"
      selectedDebuggerIdentifier = "Xcode.DebuggerFoundation.Debugger.LLDB"
      selectedLauncherIdentifier = "Xcode.DebuggerFoundation.Launcher.LLDB"
      shouldUseLaunchSchemeArgsEnv = "YES"
      codeCoverageEnabled = "YES">
      <Testables>
         <TestableReference
            skipped = "NO">
            <BuildableReference
               BuildableIdentifier = "primary"
               BlueprintIdentifier = "7DFBED021CDB8C9500EE435B"
               BuildableName = "ReactiveCocoaTests.xctest"
               BlueprintName = "ReactiveCocoa-tvOSTests"
               ReferencedContainer = "container:ReactiveCocoa.xcodeproj">
            </BuildableReference>
         </TestableReference>
      </Testables>
      <MacroExpansion>
         <BuildableReference
            BuildableIdentifier = "primary"
            BlueprintIdentifier = "57A4D1AF1BA13D7A00F7D4B1"
            BuildableName = "ReactiveCocoa.framework"
            BlueprintName = "ReactiveCocoa-tvOS"
            ReferencedContainer = "container:ReactiveCocoa.xcodeproj">
         </BuildableReference>
      </MacroExpansion>
      <AdditionalOptions>
      </AdditionalOptions>
   </TestAction>
   <LaunchAction
      buildConfiguration = "Debug"
      selectedDebuggerIdentifier = "Xcode.DebuggerFoundation.Debugger.LLDB"
      selectedLauncherIdentifier = "Xcode.DebuggerFoundation.Launcher.LLDB"
      launchStyle = "0"
      useCustomWorkingDirectory = "NO"
      ignoresPersistentStateOnLaunch = "NO"
      debugDocumentVersioning = "YES"
      debugServiceExtension = "internal"
      allowLocationSimulation = "YES">
      <MacroExpansion>
         <BuildableReference
            BuildableIdentifier = "primary"
            BlueprintIdentifier = "57A4D1AF1BA13D7A00F7D4B1"
            BuildableName = "ReactiveCocoa.framework"
            BlueprintName = "ReactiveCocoa-tvOS"
            ReferencedContainer = "container:ReactiveCocoa.xcodeproj">
         </BuildableReference>
      </MacroExpansion>
      <AdditionalOptions>
      </AdditionalOptions>
   </LaunchAction>
   <ProfileAction
      buildConfiguration = "Release"
      shouldUseLaunchSchemeArgsEnv = "YES"
      savedToolIdentifier = ""
      useCustomWorkingDirectory = "NO"
      debugDocumentVersioning = "YES">
      <MacroExpansion>
         <BuildableReference
            BuildableIdentifier = "primary"
            BlueprintIdentifier = "57A4D1AF1BA13D7A00F7D4B1"
            BuildableName = "ReactiveCocoa.framework"
            BlueprintName = "ReactiveCocoa-tvOS"
            ReferencedContainer = "container:ReactiveCocoa.xcodeproj">
         </BuildableReference>
      </MacroExpansion>
   </ProfileAction>
   <AnalyzeAction
      buildConfiguration = "Debug">
   </AnalyzeAction>
   <ArchiveAction
      buildConfiguration = "Release"
      revealArchiveInOrganizer = "YES">
   </ArchiveAction>
</Scheme>
