// !$*UTF8*$!
{
	archiveVersion = 1;
	classes = {
	};
	objectVersion = 46;
	objects = {

/* Begin PBXBuildFile section */
		4238D5961B4D5950008534C0 /* NSTextField.swift in Sources */ = {isa = PBXBuildFile; fileRef = 4238D5951B4D5950008534C0 /* NSTextField.swift */; };
		45CED46F1D27C1E300788BDC /* UIActivityIndicatorViewTests.swift in Sources */ = {isa = PBXBuildFile; fileRef = 45CED46D1D27C1D400788BDC /* UIActivityIndicatorViewTests.swift */; };
		45CED4701D27C1E400788BDC /* UIActivityIndicatorViewTests.swift in Sources */ = {isa = PBXBuildFile; fileRef = 45CED46D1D27C1D400788BDC /* UIActivityIndicatorViewTests.swift */; };
		45CED4711D27C1EB00788BDC /* UIActivityIndicatorView.swift in Sources */ = {isa = PBXBuildFile; fileRef = 45CED46B1D27BB8700788BDC /* UIActivityIndicatorView.swift */; };
		45CED4721D27C1EC00788BDC /* UIActivityIndicatorView.swift in Sources */ = {isa = PBXBuildFile; fileRef = 45CED46B1D27BB8700788BDC /* UIActivityIndicatorView.swift */; };
		4A8EDADB1D54D12400A1734C /* UIControl+EnableSendActionsForControlEvents.swift in Sources */ = {isa = PBXBuildFile; fileRef = 7D0DABA91CCC381F00B6CD2B /* UIControl+EnableSendActionsForControlEvents.swift */; };
		5B7F81E31D0842AD0014B06D /* UISegmentedControl.swift in Sources */ = {isa = PBXBuildFile; fileRef = 5B1C882D1D0715CE000B888F /* UISegmentedControl.swift */; };
		5B7F81E41D0842B50014B06D /* UISegmentedControlTests.swift in Sources */ = {isa = PBXBuildFile; fileRef = 5B1C882F1D071639000B888F /* UISegmentedControlTests.swift */; };
		7D2AA99B1CB6EFEB008AB5C9 /* UISwitch.swift in Sources */ = {isa = PBXBuildFile; fileRef = 7D2AA99A1CB6EFEB008AB5C9 /* UISwitch.swift */; };
		7D2AA99D1CB6F275008AB5C9 /* UISwitchTests.swift in Sources */ = {isa = PBXBuildFile; fileRef = 7D2AA99C1CB6F275008AB5C9 /* UISwitchTests.swift */; };
		7D5FE3081CD4B04E00834675 /* UITextFieldTests.swift in Sources */ = {isa = PBXBuildFile; fileRef = C7932E851C4B420A00086F3C /* UITextFieldTests.swift */; };
		7DBD48F31CC8141D0077AD4F /* Reusable.swift in Sources */ = {isa = PBXBuildFile; fileRef = 7DBD48F21CC8141D0077AD4F /* Reusable.swift */; };
		7DBD48F41CC8141D0077AD4F /* Reusable.swift in Sources */ = {isa = PBXBuildFile; fileRef = 7DBD48F21CC8141D0077AD4F /* Reusable.swift */; };
		7DC325741CC6FCF100746D88 /* UITableViewCell.swift in Sources */ = {isa = PBXBuildFile; fileRef = 7DC325721CC6FCF100746D88 /* UITableViewCell.swift */; };
		7DC325751CC6FCF100746D88 /* UITableViewCell.swift in Sources */ = {isa = PBXBuildFile; fileRef = 7DC325721CC6FCF100746D88 /* UITableViewCell.swift */; };
		7DC325761CC6FCF100746D88 /* UITableViewHeaderFooterView.swift in Sources */ = {isa = PBXBuildFile; fileRef = 7DC325731CC6FCF100746D88 /* UITableViewHeaderFooterView.swift */; };
		7DC325771CC6FCF100746D88 /* UITableViewHeaderFooterView.swift in Sources */ = {isa = PBXBuildFile; fileRef = 7DC325731CC6FCF100746D88 /* UITableViewHeaderFooterView.swift */; };
		7DC3257E1CC6FD1C00746D88 /* UITableViewCellTests.swift in Sources */ = {isa = PBXBuildFile; fileRef = 7DC325781CC6FD0A00746D88 /* UITableViewCellTests.swift */; };
		7DC3257F1CC6FD1E00746D88 /* UITableViewCellTests.swift in Sources */ = {isa = PBXBuildFile; fileRef = 7DC325781CC6FD0A00746D88 /* UITableViewCellTests.swift */; };
		7DC325801CC6FD2100746D88 /* UITableViewHeaderFooterViewTests.swift in Sources */ = {isa = PBXBuildFile; fileRef = 7DC325791CC6FD0A00746D88 /* UITableViewHeaderFooterViewTests.swift */; };
		7DC325811CC6FD2300746D88 /* UITableViewHeaderFooterViewTests.swift in Sources */ = {isa = PBXBuildFile; fileRef = 7DC325791CC6FD0A00746D88 /* UITableViewHeaderFooterViewTests.swift */; };
		7DCF5B331CC80D77004AEE75 /* UICollectionReusableView.swift in Sources */ = {isa = PBXBuildFile; fileRef = 7DCF5B311CC80D0E004AEE75 /* UICollectionReusableView.swift */; };
		7DCF5B341CC80D78004AEE75 /* UICollectionReusableView.swift in Sources */ = {isa = PBXBuildFile; fileRef = 7DCF5B311CC80D0E004AEE75 /* UICollectionReusableView.swift */; };
		7DCF5B361CC80E8E004AEE75 /* UICollectionReusableViewTests.swift in Sources */ = {isa = PBXBuildFile; fileRef = 7DCF5B351CC80E8E004AEE75 /* UICollectionReusableViewTests.swift */; };
		7DCF5B371CC80E8E004AEE75 /* UICollectionReusableViewTests.swift in Sources */ = {isa = PBXBuildFile; fileRef = 7DCF5B351CC80E8E004AEE75 /* UICollectionReusableViewTests.swift */; };
		8289A2E11BD7EF1F0097FB60 /* UIImageViewTests.swift in Sources */ = {isa = PBXBuildFile; fileRef = 8289A2E01BD7EF1F0097FB60 /* UIImageViewTests.swift */; };
		8289A2E31BD7EF740097FB60 /* UIImageView.swift in Sources */ = {isa = PBXBuildFile; fileRef = 8289A2E21BD7EF740097FB60 /* UIImageView.swift */; };
		8289A2E51BD7F6DD0097FB60 /* UIView.swift in Sources */ = {isa = PBXBuildFile; fileRef = 8289A2E41BD7F6DD0097FB60 /* UIView.swift */; };
		8289A2E81BD7F7900097FB60 /* UIViewTests.swift in Sources */ = {isa = PBXBuildFile; fileRef = 8289A2E61BD7F7730097FB60 /* UIViewTests.swift */; };
		8295FD871B87309F007C9000 /* UIControlTests.swift in Sources */ = {isa = PBXBuildFile; fileRef = 8295FD851B873081007C9000 /* UIControlTests.swift */; };
		8295FD8A1B87352D007C9000 /* UIButtonTests.swift in Sources */ = {isa = PBXBuildFile; fileRef = 8295FD881B873490007C9000 /* UIButtonTests.swift */; };
		8295FD8D1B87374A007C9000 /* UIBarButtonItemTests.swift in Sources */ = {isa = PBXBuildFile; fileRef = 8295FD8B1B873748007C9000 /* UIBarButtonItemTests.swift */; };
		9DA915A41CA6301C003723B9 /* UIDatePicker.swift in Sources */ = {isa = PBXBuildFile; fileRef = 9DA915A31CA6301C003723B9 /* UIDatePicker.swift */; };
		9DA915A61CA63046003723B9 /* UIDatePickerTests.swift in Sources */ = {isa = PBXBuildFile; fileRef = 9DA915A51CA63046003723B9 /* UIDatePickerTests.swift */; };
		C72CF3E51CBF188A00E19897 /* RACSignal.swift in Sources */ = {isa = PBXBuildFile; fileRef = C72CF3E41CBF188A00E19897 /* RACSignal.swift */; };
		C72CF3E61CBF188A00E19897 /* RACSignal.swift in Sources */ = {isa = PBXBuildFile; fileRef = C72CF3E41CBF188A00E19897 /* RACSignal.swift */; };
		C72CF3E71CBF188A00E19897 /* RACSignal.swift in Sources */ = {isa = PBXBuildFile; fileRef = C72CF3E41CBF188A00E19897 /* RACSignal.swift */; };
		C72CF3E81CBF188A00E19897 /* RACSignal.swift in Sources */ = {isa = PBXBuildFile; fileRef = C72CF3E41CBF188A00E19897 /* RACSignal.swift */; };
		C7932E831C4B3F3000086F3C /* UITextField.swift in Sources */ = {isa = PBXBuildFile; fileRef = C7932E811C4B3EDB00086F3C /* UITextField.swift */; };
		C7932E841C4B41E100086F3C /* UITextField.swift in Sources */ = {isa = PBXBuildFile; fileRef = C7932E811C4B3EDB00086F3C /* UITextField.swift */; };
		C7932E871C4B42F500086F3C /* UITextFieldTests.swift in Sources */ = {isa = PBXBuildFile; fileRef = C7932E851C4B420A00086F3C /* UITextFieldTests.swift */; };
		C7945F111CC192E800DC9E37 /* UIViewController.swift in Sources */ = {isa = PBXBuildFile; fileRef = C7945F101CC192E800DC9E37 /* UIViewController.swift */; };
		C7945F141CC1DFBE00DC9E37 /* UIViewControllerTests.swift in Sources */ = {isa = PBXBuildFile; fileRef = C7945F121CC1DFB400DC9E37 /* UIViewControllerTests.swift */; };
		C7DCE2B41CB3C89A001217D8 /* UITextView.swift in Sources */ = {isa = PBXBuildFile; fileRef = C7DCE2B21CB3C872001217D8 /* UITextView.swift */; };
		C7DCE2B71CB3C9D6001217D8 /* UITextViewTests.swift in Sources */ = {isa = PBXBuildFile; fileRef = C7DCE2B51CB3C9C1001217D8 /* UITextViewTests.swift */; };
		CC02C18A1CCA704E0025CC04 /* ActionTests.swift in Sources */ = {isa = PBXBuildFile; fileRef = CC02C1881CCA704C0025CC04 /* ActionTests.swift */; };
		CC02C18B1CCA704F0025CC04 /* ActionTests.swift in Sources */ = {isa = PBXBuildFile; fileRef = CC02C1881CCA704C0025CC04 /* ActionTests.swift */; };
		CC02C18C1CCA704F0025CC04 /* ActionTests.swift in Sources */ = {isa = PBXBuildFile; fileRef = CC02C1881CCA704C0025CC04 /* ActionTests.swift */; };
		D8003E941AFEC3D400D7D3C5 /* Rex.h in Headers */ = {isa = PBXBuildFile; fileRef = D8003E931AFEC3D400D7D3C5 /* Rex.h */; settings = {ATTRIBUTES = (Public, ); }; };
		D8003EB41AFEC6B000D7D3C5 /* ReactiveCocoa.framework in (null) */ = {isa = PBXBuildFile; fileRef = D8003EAD1AFEC68A00D7D3C5 /* ReactiveCocoa.framework */; settings = {ATTRIBUTES = (CodeSignOnCopy, RemoveHeadersOnCopy, ); }; };
		D8003EB51AFEC6B000D7D3C5 /* Result.framework in (null) */ = {isa = PBXBuildFile; fileRef = D8003EAE1AFEC68A00D7D3C5 /* Result.framework */; settings = {ATTRIBUTES = (CodeSignOnCopy, RemoveHeadersOnCopy, ); }; };
		D8003EB91AFEC7A900D7D3C5 /* SignalProducer.swift in Sources */ = {isa = PBXBuildFile; fileRef = D8003EB81AFEC7A900D7D3C5 /* SignalProducer.swift */; };
		D8003EBD1AFED01000D7D3C5 /* Signal.swift in Sources */ = {isa = PBXBuildFile; fileRef = D8003EBC1AFED01000D7D3C5 /* Signal.swift */; };
		D8003EC21AFED30F00D7D3C5 /* SignalTests.swift in Sources */ = {isa = PBXBuildFile; fileRef = D8003EBE1AFED2F800D7D3C5 /* SignalTests.swift */; };
		D8003EC31AFED30F00D7D3C5 /* SignalProducerTests.swift in Sources */ = {isa = PBXBuildFile; fileRef = D8003EC01AFED30100D7D3C5 /* SignalProducerTests.swift */; };
		D8003EC51AFED36F00D7D3C5 /* ReactiveCocoa.framework in Frameworks */ = {isa = PBXBuildFile; fileRef = D8003EAD1AFEC68A00D7D3C5 /* ReactiveCocoa.framework */; };
		D8003EC61AFED36F00D7D3C5 /* Result.framework in Frameworks */ = {isa = PBXBuildFile; fileRef = D8003EAE1AFEC68A00D7D3C5 /* Result.framework */; };
		D834572D1AFEE45B0070616A /* Signal.swift in Sources */ = {isa = PBXBuildFile; fileRef = D8003EBC1AFED01000D7D3C5 /* Signal.swift */; };
		D834572E1AFEE45B0070616A /* SignalProducer.swift in Sources */ = {isa = PBXBuildFile; fileRef = D8003EB81AFEC7A900D7D3C5 /* SignalProducer.swift */; };
		D83457301AFEE45E0070616A /* SignalProducerTests.swift in Sources */ = {isa = PBXBuildFile; fileRef = D8003EC01AFED30100D7D3C5 /* SignalProducerTests.swift */; };
		D83457321AFEE4930070616A /* ReactiveCocoa.framework in Frameworks */ = {isa = PBXBuildFile; fileRef = D8003EAD1AFEC68A00D7D3C5 /* ReactiveCocoa.framework */; };
		D83457331AFEE4930070616A /* Result.framework in Frameworks */ = {isa = PBXBuildFile; fileRef = D8003EAE1AFEC68A00D7D3C5 /* Result.framework */; };
		D83457351AFEE4B20070616A /* ReactiveCocoa.framework in Frameworks */ = {isa = PBXBuildFile; fileRef = D8003EC91AFEE3ED00D7D3C5 /* ReactiveCocoa.framework */; };
		D83457361AFEE4B20070616A /* Result.framework in Frameworks */ = {isa = PBXBuildFile; fileRef = D8003ECA1AFEE3ED00D7D3C5 /* Result.framework */; };
		D83457391AFEE4BE0070616A /* ReactiveCocoa.framework in (null) */ = {isa = PBXBuildFile; fileRef = D8003EC91AFEE3ED00D7D3C5 /* ReactiveCocoa.framework */; };
		D834573A1AFEE4BE0070616A /* Result.framework in (null) */ = {isa = PBXBuildFile; fileRef = D8003ECA1AFEE3ED00D7D3C5 /* Result.framework */; };
		D834573C1AFEE57E0070616A /* ReactiveCocoa.framework in Frameworks */ = {isa = PBXBuildFile; fileRef = D8003EC91AFEE3ED00D7D3C5 /* ReactiveCocoa.framework */; };
		D834573D1AFEE57E0070616A /* Result.framework in Frameworks */ = {isa = PBXBuildFile; fileRef = D8003ECA1AFEE3ED00D7D3C5 /* Result.framework */; };
		D83457411AFEE6050070616A /* SignalTests.swift in Sources */ = {isa = PBXBuildFile; fileRef = D8003EBE1AFED2F800D7D3C5 /* SignalTests.swift */; };
		D86FFBD11B34AD6F001A89B3 /* Association.swift in Sources */ = {isa = PBXBuildFile; fileRef = D86FFBD01B34AD6F001A89B3 /* Association.swift */; };
		D86FFBD21B34AD7A001A89B3 /* Association.swift in Sources */ = {isa = PBXBuildFile; fileRef = D86FFBD01B34AD6F001A89B3 /* Association.swift */; };
		D86FFBD61B34B116001A89B3 /* UIControl.swift in Sources */ = {isa = PBXBuildFile; fileRef = D86FFBD41B34B0FE001A89B3 /* UIControl.swift */; };
		D86FFBD81B34B242001A89B3 /* UILabel.swift in Sources */ = {isa = PBXBuildFile; fileRef = D86FFBD71B34B242001A89B3 /* UILabel.swift */; };
		D86FFBDA1B34B3F0001A89B3 /* Action.swift in Sources */ = {isa = PBXBuildFile; fileRef = D86FFBD91B34B3F0001A89B3 /* Action.swift */; };
		D86FFBDB1B34B3F0001A89B3 /* Action.swift in Sources */ = {isa = PBXBuildFile; fileRef = D86FFBD91B34B3F0001A89B3 /* Action.swift */; };
		D86FFBDD1B34B691001A89B3 /* UIButton.swift in Sources */ = {isa = PBXBuildFile; fileRef = D86FFBDC1B34B691001A89B3 /* UIButton.swift */; };
		D8715D9D1C210FF9005F4191 /* Action.swift in Sources */ = {isa = PBXBuildFile; fileRef = D86FFBD91B34B3F0001A89B3 /* Action.swift */; };
		D8715D9E1C210FF9005F4191 /* Property.swift in Sources */ = {isa = PBXBuildFile; fileRef = D8A454051BD26A1A00C9E790 /* Property.swift */; };
		D8715D9F1C210FF9005F4191 /* Signal.swift in Sources */ = {isa = PBXBuildFile; fileRef = D8003EBC1AFED01000D7D3C5 /* Signal.swift */; };
		D8715DA01C210FF9005F4191 /* SignalProducer.swift in Sources */ = {isa = PBXBuildFile; fileRef = D8003EB81AFEC7A900D7D3C5 /* SignalProducer.swift */; };
		D8715DA11C211011005F4191 /* Rex.h in Headers */ = {isa = PBXBuildFile; fileRef = D8003E931AFEC3D400D7D3C5 /* Rex.h */; settings = {ATTRIBUTES = (Public, ); }; };
		D8715DA21C211014005F4191 /* Rex.h in Headers */ = {isa = PBXBuildFile; fileRef = D8003E931AFEC3D400D7D3C5 /* Rex.h */; settings = {ATTRIBUTES = (Public, ); }; };
		D8715DA31C21107F005F4191 /* Association.swift in Sources */ = {isa = PBXBuildFile; fileRef = D86FFBD01B34AD6F001A89B3 /* Association.swift */; };
		D8715DA41C21107F005F4191 /* NSData.swift in Sources */ = {isa = PBXBuildFile; fileRef = D8F0973A1B17F2F7002E15BA /* NSData.swift */; };
		D8715DA51C21107F005F4191 /* NSObject.swift in Sources */ = {isa = PBXBuildFile; fileRef = D8F097431B17F3C8002E15BA /* NSObject.swift */; };
		D8715DA61C21107F005F4191 /* NSUserDefaults.swift in Sources */ = {isa = PBXBuildFile; fileRef = D8F0973C1B17F30D002E15BA /* NSUserDefaults.swift */; };
		D8715DA91C2110DA005F4191 /* ReactiveCocoa.framework in Frameworks */ = {isa = PBXBuildFile; fileRef = D8715DA71C2110DA005F4191 /* ReactiveCocoa.framework */; };
		D8715DAA1C2110DA005F4191 /* Result.framework in Frameworks */ = {isa = PBXBuildFile; fileRef = D8715DA81C2110DA005F4191 /* Result.framework */; };
		D8715DB91C2112A9005F4191 /* Rex.h in Headers */ = {isa = PBXBuildFile; fileRef = D8003E931AFEC3D400D7D3C5 /* Rex.h */; settings = {ATTRIBUTES = (Public, ); }; };
		D8715DBA1C2112D1005F4191 /* Action.swift in Sources */ = {isa = PBXBuildFile; fileRef = D86FFBD91B34B3F0001A89B3 /* Action.swift */; };
		D8715DBB1C2112D1005F4191 /* Property.swift in Sources */ = {isa = PBXBuildFile; fileRef = D8A454051BD26A1A00C9E790 /* Property.swift */; };
		D8715DBC1C2112D1005F4191 /* Signal.swift in Sources */ = {isa = PBXBuildFile; fileRef = D8003EBC1AFED01000D7D3C5 /* Signal.swift */; };
		D8715DBD1C2112D1005F4191 /* SignalProducer.swift in Sources */ = {isa = PBXBuildFile; fileRef = D8003EB81AFEC7A900D7D3C5 /* SignalProducer.swift */; };
		D8715DBE1C2112D6005F4191 /* Association.swift in Sources */ = {isa = PBXBuildFile; fileRef = D86FFBD01B34AD6F001A89B3 /* Association.swift */; };
		D8715DBF1C2112D6005F4191 /* NSData.swift in Sources */ = {isa = PBXBuildFile; fileRef = D8F0973A1B17F2F7002E15BA /* NSData.swift */; };
		D8715DC01C2112D6005F4191 /* NSObject.swift in Sources */ = {isa = PBXBuildFile; fileRef = D8F097431B17F3C8002E15BA /* NSObject.swift */; };
		D8715DC11C2112D6005F4191 /* NSUserDefaults.swift in Sources */ = {isa = PBXBuildFile; fileRef = D8F0973C1B17F30D002E15BA /* NSUserDefaults.swift */; };
		D8715DC41C211310005F4191 /* ReactiveCocoa.framework in Frameworks */ = {isa = PBXBuildFile; fileRef = D8715DC21C211310005F4191 /* ReactiveCocoa.framework */; };
		D8715DC51C211310005F4191 /* Result.framework in Frameworks */ = {isa = PBXBuildFile; fileRef = D8715DC31C211310005F4191 /* Result.framework */; };
		D8715DC61C211553005F4191 /* UIBarButtonItem.swift in Sources */ = {isa = PBXBuildFile; fileRef = 5173EBC71B625A6800C9B48E /* UIBarButtonItem.swift */; };
		D8715DC71C211553005F4191 /* UIBarItem.swift in Sources */ = {isa = PBXBuildFile; fileRef = 5173EBC51B625A2600C9B48E /* UIBarItem.swift */; };
		D8715DC81C211553005F4191 /* UIButton.swift in Sources */ = {isa = PBXBuildFile; fileRef = D86FFBDC1B34B691001A89B3 /* UIButton.swift */; };
		D8715DC91C211553005F4191 /* UIControl.swift in Sources */ = {isa = PBXBuildFile; fileRef = D86FFBD41B34B0FE001A89B3 /* UIControl.swift */; };
		D8715DCA1C211553005F4191 /* UILabel.swift in Sources */ = {isa = PBXBuildFile; fileRef = D86FFBD71B34B242001A89B3 /* UILabel.swift */; };
		D8715DCB1C211553005F4191 /* UIImageView.swift in Sources */ = {isa = PBXBuildFile; fileRef = 8289A2E21BD7EF740097FB60 /* UIImageView.swift */; };
		D8715DCC1C211553005F4191 /* UIView.swift in Sources */ = {isa = PBXBuildFile; fileRef = 8289A2E41BD7F6DD0097FB60 /* UIView.swift */; };
		D8715DDC1C211637005F4191 /* PropertyTests.swift in Sources */ = {isa = PBXBuildFile; fileRef = D8A454081BD2772700C9E790 /* PropertyTests.swift */; };
		D8715DDD1C211637005F4191 /* SignalTests.swift in Sources */ = {isa = PBXBuildFile; fileRef = D8003EBE1AFED2F800D7D3C5 /* SignalTests.swift */; };
		D8715DDE1C211637005F4191 /* SignalProducerTests.swift in Sources */ = {isa = PBXBuildFile; fileRef = D8003EC01AFED30100D7D3C5 /* SignalProducerTests.swift */; };
		D8715DDF1C21163B005F4191 /* NSObjectTests.swift in Sources */ = {isa = PBXBuildFile; fileRef = D8F097471B17F5DD002E15BA /* NSObjectTests.swift */; };
		D8715DE01C211643005F4191 /* UIBarButtonItemTests.swift in Sources */ = {isa = PBXBuildFile; fileRef = 8295FD8B1B873748007C9000 /* UIBarButtonItemTests.swift */; };
		D8715DE11C211643005F4191 /* UIButtonTests.swift in Sources */ = {isa = PBXBuildFile; fileRef = 8295FD881B873490007C9000 /* UIButtonTests.swift */; };
		D8715DE21C211643005F4191 /* UIControlTests.swift in Sources */ = {isa = PBXBuildFile; fileRef = 8295FD851B873081007C9000 /* UIControlTests.swift */; };
		D8715DE31C211643005F4191 /* UILabelTests.swift in Sources */ = {isa = PBXBuildFile; fileRef = D8F073141B861B3A0047D546 /* UILabelTests.swift */; };
		D8715DE41C211643005F4191 /* UIImageViewTests.swift in Sources */ = {isa = PBXBuildFile; fileRef = 8289A2E01BD7EF1F0097FB60 /* UIImageViewTests.swift */; };
		D8715DE51C211643005F4191 /* UIViewTests.swift in Sources */ = {isa = PBXBuildFile; fileRef = 8289A2E61BD7F7730097FB60 /* UIViewTests.swift */; };
		D8715DE61C21170C005F4191 /* ReactiveCocoa.framework in Frameworks */ = {isa = PBXBuildFile; fileRef = D8715DC21C211310005F4191 /* ReactiveCocoa.framework */; };
		D8715DE71C21170C005F4191 /* Result.framework in Frameworks */ = {isa = PBXBuildFile; fileRef = D8715DC31C211310005F4191 /* Result.framework */; };
		D8715DE91C211739005F4191 /* ReactiveCocoa.framework in (null) */ = {isa = PBXBuildFile; fileRef = D8715DC21C211310005F4191 /* ReactiveCocoa.framework */; };
		D8715DEA1C211739005F4191 /* Result.framework in (null) */ = {isa = PBXBuildFile; fileRef = D8715DC31C211310005F4191 /* Result.framework */; };
		D8A454061BD26A1A00C9E790 /* Property.swift in Sources */ = {isa = PBXBuildFile; fileRef = D8A454051BD26A1A00C9E790 /* Property.swift */; };
		D8A454071BD26A1A00C9E790 /* Property.swift in Sources */ = {isa = PBXBuildFile; fileRef = D8A454051BD26A1A00C9E790 /* Property.swift */; };
		D8A454091BD2772700C9E790 /* PropertyTests.swift in Sources */ = {isa = PBXBuildFile; fileRef = D8A454081BD2772700C9E790 /* PropertyTests.swift */; };
		D8A4540A1BD2772700C9E790 /* PropertyTests.swift in Sources */ = {isa = PBXBuildFile; fileRef = D8A454081BD2772700C9E790 /* PropertyTests.swift */; };
		D8E4A6201B7BBB1600EAD8A8 /* UIBarButtonItem.swift in Sources */ = {isa = PBXBuildFile; fileRef = 5173EBC71B625A6800C9B48E /* UIBarButtonItem.swift */; };
		D8E4A6211B7BBB2100EAD8A8 /* UIBarItem.swift in Sources */ = {isa = PBXBuildFile; fileRef = 5173EBC51B625A2600C9B48E /* UIBarItem.swift */; };
		D8F073161B863CE70047D546 /* UILabelTests.swift in Sources */ = {isa = PBXBuildFile; fileRef = D8F073141B861B3A0047D546 /* UILabelTests.swift */; };
		D8F0973B1B17F2F7002E15BA /* NSData.swift in Sources */ = {isa = PBXBuildFile; fileRef = D8F0973A1B17F2F7002E15BA /* NSData.swift */; };
		D8F0973D1B17F30D002E15BA /* NSUserDefaults.swift in Sources */ = {isa = PBXBuildFile; fileRef = D8F0973C1B17F30D002E15BA /* NSUserDefaults.swift */; };
		D8F0973E1B17F30D002E15BA /* NSUserDefaults.swift in Sources */ = {isa = PBXBuildFile; fileRef = D8F0973C1B17F30D002E15BA /* NSUserDefaults.swift */; };
		D8F0973F1B17F31E002E15BA /* NSData.swift in Sources */ = {isa = PBXBuildFile; fileRef = D8F0973A1B17F2F7002E15BA /* NSData.swift */; };
		D8F097441B17F3C8002E15BA /* NSObject.swift in Sources */ = {isa = PBXBuildFile; fileRef = D8F097431B17F3C8002E15BA /* NSObject.swift */; };
		D8F097451B17F3C8002E15BA /* NSObject.swift in Sources */ = {isa = PBXBuildFile; fileRef = D8F097431B17F3C8002E15BA /* NSObject.swift */; };
		E6933BEA1CD9C335006F7CE7 /* UIProgressViewTests.swift in Sources */ = {isa = PBXBuildFile; fileRef = E6933BE81CD9C1F1006F7CE7 /* UIProgressViewTests.swift */; };
		E6933BEB1CD9C363006F7CE7 /* UIProgressViewTests.swift in Sources */ = {isa = PBXBuildFile; fileRef = E6933BE81CD9C1F1006F7CE7 /* UIProgressViewTests.swift */; };
		E6933BEC1CD9C37D006F7CE7 /* UIProgressView.swift in Sources */ = {isa = PBXBuildFile; fileRef = E6933BE61CD9C0B2006F7CE7 /* UIProgressView.swift */; };
		E6933BED1CD9C37D006F7CE7 /* UIProgressView.swift in Sources */ = {isa = PBXBuildFile; fileRef = E6933BE61CD9C0B2006F7CE7 /* UIProgressView.swift */; };
		D8F0974A1B17F5E1002E15BA /* NSObjectTests.swift in Sources */ = {isa = PBXBuildFile; fileRef = D8F097471B17F5DD002E15BA /* NSObjectTests.swift */; };
		D8F0974B1B17F5E2002E15BA /* NSObjectTests.swift in Sources */ = {isa = PBXBuildFile; fileRef = D8F097471B17F5DD002E15BA /* NSObjectTests.swift */; };
/* End PBXBuildFile section */

/* Begin PBXContainerItemProxy section */
		D8003E9B1AFEC3D400D7D3C5 /* PBXContainerItemProxy */ = {
			isa = PBXContainerItemProxy;
			containerPortal = D8003E851AFEC3D400D7D3C5 /* Project object */;
			proxyType = 1;
			remoteGlobalIDString = D8003E8D1AFEC3D400D7D3C5;
			remoteInfo = Rex;
		};
		D83457201AFEE44E0070616A /* PBXContainerItemProxy */ = {
			isa = PBXContainerItemProxy;
			containerPortal = D8003E851AFEC3D400D7D3C5 /* Project object */;
			proxyType = 1;
			remoteGlobalIDString = D83457131AFEE44E0070616A;
			remoteInfo = "Rex-iOS";
		};
		D8715DD71C21160A005F4191 /* PBXContainerItemProxy */ = {
			isa = PBXContainerItemProxy;
			containerPortal = D8003E851AFEC3D400D7D3C5 /* Project object */;
			proxyType = 1;
			remoteGlobalIDString = D8715DAF1C21123E005F4191;
			remoteInfo = "Rex-tvOS";
		};
/* End PBXContainerItemProxy section */

/* Begin PBXCopyFilesBuildPhase section */
		D8003EB21AFEC6A800D7D3C5 /* (null) */ = {
			isa = PBXCopyFilesBuildPhase;
			buildActionMask = 2147483647;
			dstPath = "";
			dstSubfolderSpec = 16;
			files = (
				D8003EB41AFEC6B000D7D3C5 /* ReactiveCocoa.framework in (null) */,
				D8003EB51AFEC6B000D7D3C5 /* Result.framework in (null) */,
			);
			runOnlyForDeploymentPostprocessing = 0;
		};
		D83457371AFEE4B80070616A /* (null) */ = {
			isa = PBXCopyFilesBuildPhase;
			buildActionMask = 2147483647;
			dstPath = "";
			dstSubfolderSpec = 16;
			files = (
				D83457391AFEE4BE0070616A /* ReactiveCocoa.framework in (null) */,
				D834573A1AFEE4BE0070616A /* Result.framework in (null) */,
			);
			runOnlyForDeploymentPostprocessing = 0;
		};
		D8715DE81C21172A005F4191 /* (null) */ = {
			isa = PBXCopyFilesBuildPhase;
			buildActionMask = 2147483647;
			dstPath = "";
			dstSubfolderSpec = 16;
			files = (
				D8715DE91C211739005F4191 /* ReactiveCocoa.framework in (null) */,
				D8715DEA1C211739005F4191 /* Result.framework in (null) */,
			);
			runOnlyForDeploymentPostprocessing = 0;
		};
/* End PBXCopyFilesBuildPhase section */

/* Begin PBXFileReference section */
		45CED46B1D27BB8700788BDC /* UIActivityIndicatorView.swift */ = {isa = PBXFileReference; fileEncoding = 4; lastKnownFileType = sourcecode.swift; path = UIActivityIndicatorView.swift; sourceTree = "<group>"; };
		45CED46D1D27C1D400788BDC /* UIActivityIndicatorViewTests.swift */ = {isa = PBXFileReference; fileEncoding = 4; lastKnownFileType = sourcecode.swift; path = UIActivityIndicatorViewTests.swift; sourceTree = "<group>"; };
		4238D5951B4D5950008534C0 /* NSTextField.swift */ = {isa = PBXFileReference; fileEncoding = 4; lastKnownFileType = sourcecode.swift; lineEnding = 0; name = NSTextField.swift; path = AppKit/NSTextField.swift; sourceTree = "<group>"; xcLanguageSpecificationIdentifier = xcode.lang.swift; };
		5B1C882D1D0715CE000B888F /* UISegmentedControl.swift */ = {isa = PBXFileReference; fileEncoding = 4; lastKnownFileType = sourcecode.swift; path = UISegmentedControl.swift; sourceTree = "<group>"; };
		5B1C882F1D071639000B888F /* UISegmentedControlTests.swift */ = {isa = PBXFileReference; fileEncoding = 4; lastKnownFileType = sourcecode.swift; path = UISegmentedControlTests.swift; sourceTree = "<group>"; };
		5173EBC51B625A2600C9B48E /* UIBarItem.swift */ = {isa = PBXFileReference; fileEncoding = 4; lastKnownFileType = sourcecode.swift; lineEnding = 0; path = UIBarItem.swift; sourceTree = "<group>"; xcLanguageSpecificationIdentifier = xcode.lang.swift; };
		5173EBC71B625A6800C9B48E /* UIBarButtonItem.swift */ = {isa = PBXFileReference; fileEncoding = 4; lastKnownFileType = sourcecode.swift; lineEnding = 0; path = UIBarButtonItem.swift; sourceTree = "<group>"; xcLanguageSpecificationIdentifier = xcode.lang.swift; };
		7D0DABA91CCC381F00B6CD2B /* UIControl+EnableSendActionsForControlEvents.swift */ = {isa = PBXFileReference; fileEncoding = 4; lastKnownFileType = sourcecode.swift; path = "UIControl+EnableSendActionsForControlEvents.swift"; sourceTree = "<group>"; };
		7D2AA99A1CB6EFEB008AB5C9 /* UISwitch.swift */ = {isa = PBXFileReference; fileEncoding = 4; lastKnownFileType = sourcecode.swift; lineEnding = 0; path = UISwitch.swift; sourceTree = "<group>"; xcLanguageSpecificationIdentifier = xcode.lang.swift; };
		7D2AA99C1CB6F275008AB5C9 /* UISwitchTests.swift */ = {isa = PBXFileReference; fileEncoding = 4; lastKnownFileType = sourcecode.swift; lineEnding = 0; path = UISwitchTests.swift; sourceTree = "<group>"; xcLanguageSpecificationIdentifier = xcode.lang.swift; };
		7DBD48F21CC8141D0077AD4F /* Reusable.swift */ = {isa = PBXFileReference; fileEncoding = 4; lastKnownFileType = sourcecode.swift; path = Reusable.swift; sourceTree = "<group>"; };
		7DC325721CC6FCF100746D88 /* UITableViewCell.swift */ = {isa = PBXFileReference; fileEncoding = 4; lastKnownFileType = sourcecode.swift; path = UITableViewCell.swift; sourceTree = "<group>"; };
		7DC325731CC6FCF100746D88 /* UITableViewHeaderFooterView.swift */ = {isa = PBXFileReference; fileEncoding = 4; lastKnownFileType = sourcecode.swift; path = UITableViewHeaderFooterView.swift; sourceTree = "<group>"; };
		7DC325781CC6FD0A00746D88 /* UITableViewCellTests.swift */ = {isa = PBXFileReference; fileEncoding = 4; lastKnownFileType = sourcecode.swift; path = UITableViewCellTests.swift; sourceTree = "<group>"; };
		7DC325791CC6FD0A00746D88 /* UITableViewHeaderFooterViewTests.swift */ = {isa = PBXFileReference; fileEncoding = 4; lastKnownFileType = sourcecode.swift; path = UITableViewHeaderFooterViewTests.swift; sourceTree = "<group>"; };
		7DCF5B311CC80D0E004AEE75 /* UICollectionReusableView.swift */ = {isa = PBXFileReference; fileEncoding = 4; lastKnownFileType = sourcecode.swift; path = UICollectionReusableView.swift; sourceTree = "<group>"; };
		7DCF5B351CC80E8E004AEE75 /* UICollectionReusableViewTests.swift */ = {isa = PBXFileReference; fileEncoding = 4; lastKnownFileType = sourcecode.swift; path = UICollectionReusableViewTests.swift; sourceTree = "<group>"; };
		8289A2E01BD7EF1F0097FB60 /* UIImageViewTests.swift */ = {isa = PBXFileReference; fileEncoding = 4; lastKnownFileType = sourcecode.swift; lineEnding = 0; path = UIImageViewTests.swift; sourceTree = "<group>"; xcLanguageSpecificationIdentifier = xcode.lang.swift; };
		8289A2E21BD7EF740097FB60 /* UIImageView.swift */ = {isa = PBXFileReference; fileEncoding = 4; lastKnownFileType = sourcecode.swift; lineEnding = 0; path = UIImageView.swift; sourceTree = "<group>"; xcLanguageSpecificationIdentifier = xcode.lang.swift; };
		8289A2E41BD7F6DD0097FB60 /* UIView.swift */ = {isa = PBXFileReference; fileEncoding = 4; lastKnownFileType = sourcecode.swift; lineEnding = 0; path = UIView.swift; sourceTree = "<group>"; xcLanguageSpecificationIdentifier = xcode.lang.swift; };
		8289A2E61BD7F7730097FB60 /* UIViewTests.swift */ = {isa = PBXFileReference; fileEncoding = 4; lastKnownFileType = sourcecode.swift; lineEnding = 0; path = UIViewTests.swift; sourceTree = "<group>"; xcLanguageSpecificationIdentifier = xcode.lang.swift; };
		8295FD851B873081007C9000 /* UIControlTests.swift */ = {isa = PBXFileReference; fileEncoding = 4; lastKnownFileType = sourcecode.swift; lineEnding = 0; path = UIControlTests.swift; sourceTree = "<group>"; xcLanguageSpecificationIdentifier = xcode.lang.swift; };
		8295FD881B873490007C9000 /* UIButtonTests.swift */ = {isa = PBXFileReference; fileEncoding = 4; lastKnownFileType = sourcecode.swift; lineEnding = 0; path = UIButtonTests.swift; sourceTree = "<group>"; xcLanguageSpecificationIdentifier = xcode.lang.swift; };
		8295FD8B1B873748007C9000 /* UIBarButtonItemTests.swift */ = {isa = PBXFileReference; fileEncoding = 4; lastKnownFileType = sourcecode.swift; lineEnding = 0; path = UIBarButtonItemTests.swift; sourceTree = "<group>"; xcLanguageSpecificationIdentifier = xcode.lang.swift; };
		9DA915A31CA6301C003723B9 /* UIDatePicker.swift */ = {isa = PBXFileReference; fileEncoding = 4; lastKnownFileType = sourcecode.swift; lineEnding = 0; path = UIDatePicker.swift; sourceTree = "<group>"; xcLanguageSpecificationIdentifier = xcode.lang.swift; };
		9DA915A51CA63046003723B9 /* UIDatePickerTests.swift */ = {isa = PBXFileReference; fileEncoding = 4; lastKnownFileType = sourcecode.swift; lineEnding = 0; path = UIDatePickerTests.swift; sourceTree = "<group>"; xcLanguageSpecificationIdentifier = xcode.lang.swift; };
		C72CF3E41CBF188A00E19897 /* RACSignal.swift */ = {isa = PBXFileReference; fileEncoding = 4; lastKnownFileType = sourcecode.swift; lineEnding = 0; path = RACSignal.swift; sourceTree = "<group>"; xcLanguageSpecificationIdentifier = xcode.lang.swift; };
		C7932E811C4B3EDB00086F3C /* UITextField.swift */ = {isa = PBXFileReference; fileEncoding = 4; lastKnownFileType = sourcecode.swift; lineEnding = 0; path = UITextField.swift; sourceTree = "<group>"; xcLanguageSpecificationIdentifier = xcode.lang.swift; };
		C7932E851C4B420A00086F3C /* UITextFieldTests.swift */ = {isa = PBXFileReference; fileEncoding = 4; lastKnownFileType = sourcecode.swift; lineEnding = 0; path = UITextFieldTests.swift; sourceTree = "<group>"; xcLanguageSpecificationIdentifier = xcode.lang.swift; };
		C7945F101CC192E800DC9E37 /* UIViewController.swift */ = {isa = PBXFileReference; fileEncoding = 4; lastKnownFileType = sourcecode.swift; lineEnding = 0; path = UIViewController.swift; sourceTree = "<group>"; xcLanguageSpecificationIdentifier = xcode.lang.swift; };
		C7945F121CC1DFB400DC9E37 /* UIViewControllerTests.swift */ = {isa = PBXFileReference; fileEncoding = 4; lastKnownFileType = sourcecode.swift; lineEnding = 0; path = UIViewControllerTests.swift; sourceTree = "<group>"; xcLanguageSpecificationIdentifier = xcode.lang.swift; };
		C7DCE2B21CB3C872001217D8 /* UITextView.swift */ = {isa = PBXFileReference; fileEncoding = 4; lastKnownFileType = sourcecode.swift; lineEnding = 0; path = UITextView.swift; sourceTree = "<group>"; xcLanguageSpecificationIdentifier = xcode.lang.swift; };
		C7DCE2B51CB3C9C1001217D8 /* UITextViewTests.swift */ = {isa = PBXFileReference; fileEncoding = 4; lastKnownFileType = sourcecode.swift; lineEnding = 0; path = UITextViewTests.swift; sourceTree = "<group>"; xcLanguageSpecificationIdentifier = xcode.lang.swift; };
		CC02C1881CCA704C0025CC04 /* ActionTests.swift */ = {isa = PBXFileReference; fileEncoding = 4; lastKnownFileType = sourcecode.swift; path = ActionTests.swift; sourceTree = "<group>"; };
		D8003E921AFEC3D400D7D3C5 /* Info.plist */ = {isa = PBXFileReference; lastKnownFileType = text.plist.xml; path = Info.plist; sourceTree = "<group>"; };
		D8003E931AFEC3D400D7D3C5 /* Rex.h */ = {isa = PBXFileReference; lastKnownFileType = sourcecode.c.h; path = Rex.h; sourceTree = "<group>"; };
		D8003E9F1AFEC3D400D7D3C5 /* Info.plist */ = {isa = PBXFileReference; lastKnownFileType = text.plist.xml; path = Info.plist; sourceTree = "<group>"; };
		D8003EAD1AFEC68A00D7D3C5 /* ReactiveCocoa.framework */ = {isa = PBXFileReference; lastKnownFileType = wrapper.framework; path = ReactiveCocoa.framework; sourceTree = "<group>"; };
		D8003EAE1AFEC68A00D7D3C5 /* Result.framework */ = {isa = PBXFileReference; lastKnownFileType = wrapper.framework; path = Result.framework; sourceTree = "<group>"; };
		D8003EB81AFEC7A900D7D3C5 /* SignalProducer.swift */ = {isa = PBXFileReference; fileEncoding = 4; lastKnownFileType = sourcecode.swift; lineEnding = 0; path = SignalProducer.swift; sourceTree = "<group>"; xcLanguageSpecificationIdentifier = xcode.lang.swift; };
		D8003EBC1AFED01000D7D3C5 /* Signal.swift */ = {isa = PBXFileReference; fileEncoding = 4; lastKnownFileType = sourcecode.swift; path = Signal.swift; sourceTree = "<group>"; };
		D8003EBE1AFED2F800D7D3C5 /* SignalTests.swift */ = {isa = PBXFileReference; fileEncoding = 4; lastKnownFileType = sourcecode.swift; lineEnding = 0; path = SignalTests.swift; sourceTree = "<group>"; xcLanguageSpecificationIdentifier = xcode.lang.swift; };
		D8003EC01AFED30100D7D3C5 /* SignalProducerTests.swift */ = {isa = PBXFileReference; fileEncoding = 4; lastKnownFileType = sourcecode.swift; lineEnding = 0; path = SignalProducerTests.swift; sourceTree = "<group>"; xcLanguageSpecificationIdentifier = xcode.lang.swift; };
		D8003EC91AFEE3ED00D7D3C5 /* ReactiveCocoa.framework */ = {isa = PBXFileReference; lastKnownFileType = wrapper.framework; path = ReactiveCocoa.framework; sourceTree = "<group>"; };
		D8003ECA1AFEE3ED00D7D3C5 /* Result.framework */ = {isa = PBXFileReference; lastKnownFileType = wrapper.framework; path = Result.framework; sourceTree = "<group>"; };
		D86E77A91AFEE646004BF23D /* Rex.framework */ = {isa = PBXFileReference; explicitFileType = wrapper.framework; includeInIndex = 0; path = Rex.framework; sourceTree = BUILT_PRODUCTS_DIR; };
		D86E77AA1AFEE646004BF23D /* RexTests-Mac.xctest */ = {isa = PBXFileReference; explicitFileType = wrapper.cfbundle; includeInIndex = 0; path = "RexTests-Mac.xctest"; sourceTree = BUILT_PRODUCTS_DIR; };
		D86E77AB1AFEE646004BF23D /* Rex.framework */ = {isa = PBXFileReference; explicitFileType = wrapper.framework; includeInIndex = 0; path = Rex.framework; sourceTree = BUILT_PRODUCTS_DIR; };
		D86E77AC1AFEE646004BF23D /* RexTests-iOS.xctest */ = {isa = PBXFileReference; explicitFileType = wrapper.cfbundle; includeInIndex = 0; path = "RexTests-iOS.xctest"; sourceTree = BUILT_PRODUCTS_DIR; };
		D86FFBD01B34AD6F001A89B3 /* Association.swift */ = {isa = PBXFileReference; fileEncoding = 4; lastKnownFileType = sourcecode.swift; lineEnding = 0; path = Association.swift; sourceTree = "<group>"; xcLanguageSpecificationIdentifier = xcode.lang.swift; };
		D86FFBD41B34B0FE001A89B3 /* UIControl.swift */ = {isa = PBXFileReference; fileEncoding = 4; lastKnownFileType = sourcecode.swift; lineEnding = 0; path = UIControl.swift; sourceTree = "<group>"; xcLanguageSpecificationIdentifier = xcode.lang.swift; };
		D86FFBD71B34B242001A89B3 /* UILabel.swift */ = {isa = PBXFileReference; fileEncoding = 4; lastKnownFileType = sourcecode.swift; lineEnding = 0; path = UILabel.swift; sourceTree = "<group>"; xcLanguageSpecificationIdentifier = xcode.lang.swift; };
		D86FFBD91B34B3F0001A89B3 /* Action.swift */ = {isa = PBXFileReference; fileEncoding = 4; lastKnownFileType = sourcecode.swift; lineEnding = 0; path = Action.swift; sourceTree = "<group>"; xcLanguageSpecificationIdentifier = xcode.lang.swift; };
		D86FFBDC1B34B691001A89B3 /* UIButton.swift */ = {isa = PBXFileReference; fileEncoding = 4; lastKnownFileType = sourcecode.swift; lineEnding = 0; path = UIButton.swift; sourceTree = "<group>"; xcLanguageSpecificationIdentifier = xcode.lang.swift; };
		D8715D941C210F97005F4191 /* Rex.framework */ = {isa = PBXFileReference; explicitFileType = wrapper.framework; includeInIndex = 0; path = Rex.framework; sourceTree = BUILT_PRODUCTS_DIR; };
		D8715DA71C2110DA005F4191 /* ReactiveCocoa.framework */ = {isa = PBXFileReference; lastKnownFileType = wrapper.framework; name = ReactiveCocoa.framework; path = watchOS/ReactiveCocoa.framework; sourceTree = "<group>"; };
		D8715DA81C2110DA005F4191 /* Result.framework */ = {isa = PBXFileReference; lastKnownFileType = wrapper.framework; name = Result.framework; path = watchOS/Result.framework; sourceTree = "<group>"; };
		D8715DB01C21123E005F4191 /* Rex.framework */ = {isa = PBXFileReference; explicitFileType = wrapper.framework; includeInIndex = 0; path = Rex.framework; sourceTree = BUILT_PRODUCTS_DIR; };
		D8715DC21C211310005F4191 /* ReactiveCocoa.framework */ = {isa = PBXFileReference; lastKnownFileType = wrapper.framework; name = ReactiveCocoa.framework; path = tvOS/ReactiveCocoa.framework; sourceTree = "<group>"; };
		D8715DC31C211310005F4191 /* Result.framework */ = {isa = PBXFileReference; lastKnownFileType = wrapper.framework; name = Result.framework; path = tvOS/Result.framework; sourceTree = "<group>"; };
		D8715DD11C21160A005F4191 /* RexTests-tvOS.xctest */ = {isa = PBXFileReference; explicitFileType = wrapper.cfbundle; includeInIndex = 0; path = "RexTests-tvOS.xctest"; sourceTree = BUILT_PRODUCTS_DIR; };
		D8A454051BD26A1A00C9E790 /* Property.swift */ = {isa = PBXFileReference; fileEncoding = 4; lastKnownFileType = sourcecode.swift; lineEnding = 0; path = Property.swift; sourceTree = "<group>"; xcLanguageSpecificationIdentifier = xcode.lang.swift; };
		D8A454081BD2772700C9E790 /* PropertyTests.swift */ = {isa = PBXFileReference; fileEncoding = 4; lastKnownFileType = sourcecode.swift; lineEnding = 0; path = PropertyTests.swift; sourceTree = "<group>"; xcLanguageSpecificationIdentifier = xcode.lang.swift; };
		D8F073141B861B3A0047D546 /* UILabelTests.swift */ = {isa = PBXFileReference; fileEncoding = 4; lastKnownFileType = sourcecode.swift; lineEnding = 0; path = UILabelTests.swift; sourceTree = "<group>"; xcLanguageSpecificationIdentifier = xcode.lang.swift; };
		D8F0973A1B17F2F7002E15BA /* NSData.swift */ = {isa = PBXFileReference; fileEncoding = 4; lastKnownFileType = sourcecode.swift; lineEnding = 0; path = NSData.swift; sourceTree = "<group>"; xcLanguageSpecificationIdentifier = xcode.lang.swift; };
		E6933BE61CD9C0B2006F7CE7 /* UIProgressView.swift */ = {isa = PBXFileReference; fileEncoding = 4; lastKnownFileType = sourcecode.swift; path = UIProgressView.swift; sourceTree = "<group>"; };
		E6933BE81CD9C1F1006F7CE7 /* UIProgressViewTests.swift */ = {isa = PBXFileReference; fileEncoding = 4; lastKnownFileType = sourcecode.swift; path = UIProgressViewTests.swift; sourceTree = "<group>"; };
		D8F0973C1B17F30D002E15BA /* NSUserDefaults.swift */ = {isa = PBXFileReference; fileEncoding = 4; lastKnownFileType = sourcecode.swift; lineEnding = 0; path = NSUserDefaults.swift; sourceTree = "<group>"; xcLanguageSpecificationIdentifier = xcode.lang.swift; };
		D8F097431B17F3C8002E15BA /* NSObject.swift */ = {isa = PBXFileReference; fileEncoding = 4; lastKnownFileType = sourcecode.swift; lineEnding = 0; path = NSObject.swift; sourceTree = "<group>"; xcLanguageSpecificationIdentifier = xcode.lang.swift; };
		D8F097471B17F5DD002E15BA /* NSObjectTests.swift */ = {isa = PBXFileReference; fileEncoding = 4; lastKnownFileType = sourcecode.swift; lineEnding = 0; path = NSObjectTests.swift; sourceTree = "<group>"; xcLanguageSpecificationIdentifier = xcode.lang.swift; };
/* End PBXFileReference section */

/* Begin PBXFrameworksBuildPhase section */
		D8003E8A1AFEC3D400D7D3C5 /* Frameworks */ = {
			isa = PBXFrameworksBuildPhase;
			buildActionMask = 2147483647;
			files = (
				D83457321AFEE4930070616A /* ReactiveCocoa.framework in Frameworks */,
				D83457331AFEE4930070616A /* Result.framework in Frameworks */,
			);
			runOnlyForDeploymentPostprocessing = 0;
		};
		D8003E961AFEC3D400D7D3C5 /* Frameworks */ = {
			isa = PBXFrameworksBuildPhase;
			buildActionMask = 2147483647;
			files = (
				D8003EC51AFED36F00D7D3C5 /* ReactiveCocoa.framework in Frameworks */,
				D8003EC61AFED36F00D7D3C5 /* Result.framework in Frameworks */,
			);
			runOnlyForDeploymentPostprocessing = 0;
		};
		D83457101AFEE44E0070616A /* Frameworks */ = {
			isa = PBXFrameworksBuildPhase;
			buildActionMask = 2147483647;
			files = (
				D83457351AFEE4B20070616A /* ReactiveCocoa.framework in Frameworks */,
				D83457361AFEE4B20070616A /* Result.framework in Frameworks */,
			);
			runOnlyForDeploymentPostprocessing = 0;
		};
		D834571B1AFEE44E0070616A /* Frameworks */ = {
			isa = PBXFrameworksBuildPhase;
			buildActionMask = 2147483647;
			files = (
				D834573C1AFEE57E0070616A /* ReactiveCocoa.framework in Frameworks */,
				D834573D1AFEE57E0070616A /* Result.framework in Frameworks */,
			);
			runOnlyForDeploymentPostprocessing = 0;
		};
		D8715D901C210F97005F4191 /* Frameworks */ = {
			isa = PBXFrameworksBuildPhase;
			buildActionMask = 2147483647;
			files = (
				D8715DA91C2110DA005F4191 /* ReactiveCocoa.framework in Frameworks */,
				D8715DAA1C2110DA005F4191 /* Result.framework in Frameworks */,
			);
			runOnlyForDeploymentPostprocessing = 0;
		};
		D8715DAC1C21123E005F4191 /* Frameworks */ = {
			isa = PBXFrameworksBuildPhase;
			buildActionMask = 2147483647;
			files = (
				D8715DC41C211310005F4191 /* ReactiveCocoa.framework in Frameworks */,
				D8715DC51C211310005F4191 /* Result.framework in Frameworks */,
			);
			runOnlyForDeploymentPostprocessing = 0;
		};
		D8715DCE1C21160A005F4191 /* Frameworks */ = {
			isa = PBXFrameworksBuildPhase;
			buildActionMask = 2147483647;
			files = (
				D8715DE61C21170C005F4191 /* ReactiveCocoa.framework in Frameworks */,
				D8715DE71C21170C005F4191 /* Result.framework in Frameworks */,
			);
			runOnlyForDeploymentPostprocessing = 0;
		};
/* End PBXFrameworksBuildPhase section */

/* Begin PBXGroup section */
		4238D5941B4D593E008534C0 /* AppKit */ = {
			isa = PBXGroup;
			children = (
				4238D5951B4D5950008534C0 /* NSTextField.swift */,
			);
			name = AppKit;
			sourceTree = "<group>";
		};
		7D0DABA81CCC380700B6CD2B /* Helpers */ = {
			isa = PBXGroup;
			children = (
				7D0DABA91CCC381F00B6CD2B /* UIControl+EnableSendActionsForControlEvents.swift */,
			);
			path = Helpers;
			sourceTree = "<group>";
		};
		D8003E841AFEC3D400D7D3C5 = {
			isa = PBXGroup;
			children = (
				D8003E901AFEC3D400D7D3C5 /* Source */,
				D8003E9D1AFEC3D400D7D3C5 /* Tests */,
				D8003EAA1AFEC57200D7D3C5 /* Binaries */,
			);
			sourceTree = "<group>";
		};
		D8003E901AFEC3D400D7D3C5 /* Source */ = {
			isa = PBXGroup;
			children = (
				D86FFBD91B34B3F0001A89B3 /* Action.swift */,
				D8A454051BD26A1A00C9E790 /* Property.swift */,
				D8003EBC1AFED01000D7D3C5 /* Signal.swift */,
				D8003EB81AFEC7A900D7D3C5 /* SignalProducer.swift */,
				C72CF3E41CBF188A00E19897 /* RACSignal.swift */,
				7DBD48F21CC8141D0077AD4F /* Reusable.swift */,
				4238D5941B4D593E008534C0 /* AppKit */,
				D8F097391B17F2BF002E15BA /* Foundation */,
				D86FFBD31B34B0E2001A89B3 /* UIKit */,
				D8003E911AFEC3D400D7D3C5 /* Supporting Files */,
			);
			path = Source;
			sourceTree = "<group>";
		};
		D8003E911AFEC3D400D7D3C5 /* Supporting Files */ = {
			isa = PBXGroup;
			children = (
				D8003E931AFEC3D400D7D3C5 /* Rex.h */,
				D8003E921AFEC3D400D7D3C5 /* Info.plist */,
			);
			name = "Supporting Files";
			sourceTree = "<group>";
		};
		D8003E9D1AFEC3D400D7D3C5 /* Tests */ = {
			isa = PBXGroup;
			children = (
				CC02C1881CCA704C0025CC04 /* ActionTests.swift */,
				D8A454081BD2772700C9E790 /* PropertyTests.swift */,
				D8003EBE1AFED2F800D7D3C5 /* SignalTests.swift */,
				D8003EC01AFED30100D7D3C5 /* SignalProducerTests.swift */,
				D8F097461B17F5BF002E15BA /* Foundation */,
				7D0DABA81CCC380700B6CD2B /* Helpers */,
				D8F073131B861B110047D546 /* UIKit */,
				D8003E9E1AFEC3D400D7D3C5 /* Supporting Files */,
			);
			path = Tests;
			sourceTree = "<group>";
		};
		D8003E9E1AFEC3D400D7D3C5 /* Supporting Files */ = {
			isa = PBXGroup;
			children = (
				D8003E9F1AFEC3D400D7D3C5 /* Info.plist */,
			);
			name = "Supporting Files";
			sourceTree = "<group>";
		};
		D8003EAA1AFEC57200D7D3C5 /* Binaries */ = {
			isa = PBXGroup;
			children = (
				D8003EC71AFEE39000D7D3C5 /* iOS */,
				D8003EAB1AFEC67700D7D3C5 /* Mac */,
				D8715DB81C21124B005F4191 /* tvOS */,
				D8715D9C1C210FA1005F4191 /* watchOS */,
			);
			name = Binaries;
			path = Carthage/Build;
			sourceTree = "<group>";
		};
		D8003EAB1AFEC67700D7D3C5 /* Mac */ = {
			isa = PBXGroup;
			children = (
				D86E77A91AFEE646004BF23D /* Rex.framework */,
				D86E77AA1AFEE646004BF23D /* RexTests-Mac.xctest */,
				D8003EAD1AFEC68A00D7D3C5 /* ReactiveCocoa.framework */,
				D8003EAE1AFEC68A00D7D3C5 /* Result.framework */,
			);
			path = Mac;
			sourceTree = "<group>";
		};
		D8003EC71AFEE39000D7D3C5 /* iOS */ = {
			isa = PBXGroup;
			children = (
				D86E77AB1AFEE646004BF23D /* Rex.framework */,
				D86E77AC1AFEE646004BF23D /* RexTests-iOS.xctest */,
				D8003EC91AFEE3ED00D7D3C5 /* ReactiveCocoa.framework */,
				D8003ECA1AFEE3ED00D7D3C5 /* Result.framework */,
			);
			path = iOS;
			sourceTree = "<group>";
		};
		D86FFBD31B34B0E2001A89B3 /* UIKit */ = {
			isa = PBXGroup;
			children = (
				45CED46B1D27BB8700788BDC /* UIActivityIndicatorView.swift */,
				5173EBC71B625A6800C9B48E /* UIBarButtonItem.swift */,
				5173EBC51B625A2600C9B48E /* UIBarItem.swift */,
				D86FFBDC1B34B691001A89B3 /* UIButton.swift */,
				7DCF5B311CC80D0E004AEE75 /* UICollectionReusableView.swift */,
				D86FFBD41B34B0FE001A89B3 /* UIControl.swift */,
				9DA915A31CA6301C003723B9 /* UIDatePicker.swift */,
				8289A2E21BD7EF740097FB60 /* UIImageView.swift */,
				D86FFBD71B34B242001A89B3 /* UILabel.swift */,
				E6933BE61CD9C0B2006F7CE7 /* UIProgressView.swift */,
				7D2AA99A1CB6EFEB008AB5C9 /* UISwitch.swift */,
				5B1C882D1D0715CE000B888F /* UISegmentedControl.swift */,
				7DC325721CC6FCF100746D88 /* UITableViewCell.swift */,
				7DC325731CC6FCF100746D88 /* UITableViewHeaderFooterView.swift */,
				C7932E811C4B3EDB00086F3C /* UITextField.swift */,
				C7DCE2B21CB3C872001217D8 /* UITextView.swift */,
				8289A2E41BD7F6DD0097FB60 /* UIView.swift */,
				C7945F101CC192E800DC9E37 /* UIViewController.swift */,
			);
			path = UIKit;
			sourceTree = "<group>";
		};
		D8715D9C1C210FA1005F4191 /* watchOS */ = {
			isa = PBXGroup;
			children = (
				D8715D941C210F97005F4191 /* Rex.framework */,
				D8715DA71C2110DA005F4191 /* ReactiveCocoa.framework */,
				D8715DA81C2110DA005F4191 /* Result.framework */,
			);
			name = watchOS;
			sourceTree = "<group>";
		};
		D8715DB81C21124B005F4191 /* tvOS */ = {
			isa = PBXGroup;
			children = (
				D8715DB01C21123E005F4191 /* Rex.framework */,
				D8715DD11C21160A005F4191 /* RexTests-tvOS.xctest */,
				D8715DC21C211310005F4191 /* ReactiveCocoa.framework */,
				D8715DC31C211310005F4191 /* Result.framework */,
			);
			name = tvOS;
			sourceTree = "<group>";
		};
		D8F073131B861B110047D546 /* UIKit */ = {
			isa = PBXGroup;
			children = (
				45CED46D1D27C1D400788BDC /* UIActivityIndicatorViewTests.swift */,
				8295FD8B1B873748007C9000 /* UIBarButtonItemTests.swift */,
				8295FD881B873490007C9000 /* UIButtonTests.swift */,
				8295FD851B873081007C9000 /* UIControlTests.swift */,
				7DCF5B351CC80E8E004AEE75 /* UICollectionReusableViewTests.swift */,
				9DA915A51CA63046003723B9 /* UIDatePickerTests.swift */,
				8289A2E01BD7EF1F0097FB60 /* UIImageViewTests.swift */,
				D8F073141B861B3A0047D546 /* UILabelTests.swift */,
				E6933BE81CD9C1F1006F7CE7 /* UIProgressViewTests.swift */,
				7D2AA99C1CB6F275008AB5C9 /* UISwitchTests.swift */,
				5B1C882F1D071639000B888F /* UISegmentedControlTests.swift */,
				7DC325781CC6FD0A00746D88 /* UITableViewCellTests.swift */,
				7DC325791CC6FD0A00746D88 /* UITableViewHeaderFooterViewTests.swift */,
				C7932E851C4B420A00086F3C /* UITextFieldTests.swift */,
				C7DCE2B51CB3C9C1001217D8 /* UITextViewTests.swift */,
				8289A2E61BD7F7730097FB60 /* UIViewTests.swift */,
				C7945F121CC1DFB400DC9E37 /* UIViewControllerTests.swift */,
			);
			path = UIKit;
			sourceTree = "<group>";
		};
		D8F097391B17F2BF002E15BA /* Foundation */ = {
			isa = PBXGroup;
			children = (
				D86FFBD01B34AD6F001A89B3 /* Association.swift */,
				D8F0973A1B17F2F7002E15BA /* NSData.swift */,
				D8F097431B17F3C8002E15BA /* NSObject.swift */,
				D8F0973C1B17F30D002E15BA /* NSUserDefaults.swift */,
			);
			path = Foundation;
			sourceTree = "<group>";
		};
		D8F097461B17F5BF002E15BA /* Foundation */ = {
			isa = PBXGroup;
			children = (
				D8F097471B17F5DD002E15BA /* NSObjectTests.swift */,
			);
			path = Foundation;
			sourceTree = "<group>";
		};
/* End PBXGroup section */

/* Begin PBXHeadersBuildPhase section */
		D8003E8B1AFEC3D400D7D3C5 /* Headers */ = {
			isa = PBXHeadersBuildPhase;
			buildActionMask = 2147483647;
			files = (
				D8003E941AFEC3D400D7D3C5 /* Rex.h in Headers */,
			);
			runOnlyForDeploymentPostprocessing = 0;
		};
		D83457111AFEE44E0070616A /* Headers */ = {
			isa = PBXHeadersBuildPhase;
			buildActionMask = 2147483647;
			files = (
				D8715DA11C211011005F4191 /* Rex.h in Headers */,
			);
			runOnlyForDeploymentPostprocessing = 0;
		};
		D8715D911C210F97005F4191 /* Headers */ = {
			isa = PBXHeadersBuildPhase;
			buildActionMask = 2147483647;
			files = (
				D8715DA21C211014005F4191 /* Rex.h in Headers */,
			);
			runOnlyForDeploymentPostprocessing = 0;
		};
		D8715DAD1C21123E005F4191 /* Headers */ = {
			isa = PBXHeadersBuildPhase;
			buildActionMask = 2147483647;
			files = (
				D8715DB91C2112A9005F4191 /* Rex.h in Headers */,
			);
			runOnlyForDeploymentPostprocessing = 0;
		};
/* End PBXHeadersBuildPhase section */

/* Begin PBXNativeTarget section */
		D8003E8D1AFEC3D400D7D3C5 /* Rex-Mac */ = {
			isa = PBXNativeTarget;
			buildConfigurationList = D8003EA41AFEC3D400D7D3C5 /* Build configuration list for PBXNativeTarget "Rex-Mac" */;
			buildPhases = (
				D8003E891AFEC3D400D7D3C5 /* Sources */,
				D8003E8A1AFEC3D400D7D3C5 /* Frameworks */,
				D8003E8B1AFEC3D400D7D3C5 /* Headers */,
				D8003E8C1AFEC3D400D7D3C5 /* Resources */,
			);
			buildRules = (
			);
			dependencies = (
			);
			name = "Rex-Mac";
			productName = Rex;
			productReference = D86E77A91AFEE646004BF23D /* Rex.framework */;
			productType = "com.apple.product-type.framework";
		};
		D8003E981AFEC3D400D7D3C5 /* RexTests-Mac */ = {
			isa = PBXNativeTarget;
			buildConfigurationList = D8003EA71AFEC3D400D7D3C5 /* Build configuration list for PBXNativeTarget "RexTests-Mac" */;
			buildPhases = (
				D8003E951AFEC3D400D7D3C5 /* Sources */,
				D8003E961AFEC3D400D7D3C5 /* Frameworks */,
				D8003E971AFEC3D400D7D3C5 /* Resources */,
				D8003EB21AFEC6A800D7D3C5 /* (null) */,
			);
			buildRules = (
			);
			dependencies = (
				D8003E9C1AFEC3D400D7D3C5 /* PBXTargetDependency */,
			);
			name = "RexTests-Mac";
			productName = RexTests;
			productReference = D86E77AA1AFEE646004BF23D /* RexTests-Mac.xctest */;
			productType = "com.apple.product-type.bundle.unit-test";
		};
		D83457131AFEE44E0070616A /* Rex-iOS */ = {
			isa = PBXNativeTarget;
			buildConfigurationList = D834572B1AFEE44E0070616A /* Build configuration list for PBXNativeTarget "Rex-iOS" */;
			buildPhases = (
				D834570F1AFEE44E0070616A /* Sources */,
				D83457101AFEE44E0070616A /* Frameworks */,
				D83457111AFEE44E0070616A /* Headers */,
				D83457121AFEE44E0070616A /* Resources */,
			);
			buildRules = (
			);
			dependencies = (
			);
			name = "Rex-iOS";
			productName = "Rex-iOS";
			productReference = D86E77AB1AFEE646004BF23D /* Rex.framework */;
			productType = "com.apple.product-type.framework";
		};
		D834571D1AFEE44E0070616A /* RexTests-iOS */ = {
			isa = PBXNativeTarget;
			buildConfigurationList = D834572C1AFEE44E0070616A /* Build configuration list for PBXNativeTarget "RexTests-iOS" */;
			buildPhases = (
				D834571A1AFEE44E0070616A /* Sources */,
				D834571B1AFEE44E0070616A /* Frameworks */,
				D834571C1AFEE44E0070616A /* Resources */,
				D83457371AFEE4B80070616A /* (null) */,
			);
			buildRules = (
			);
			dependencies = (
				D83457211AFEE44E0070616A /* PBXTargetDependency */,
			);
			name = "RexTests-iOS";
			productName = "Rex-iOSTests";
			productReference = D86E77AC1AFEE646004BF23D /* RexTests-iOS.xctest */;
			productType = "com.apple.product-type.bundle.unit-test";
		};
		D8715D931C210F97005F4191 /* Rex-watchOS */ = {
			isa = PBXNativeTarget;
			buildConfigurationList = D8715D9B1C210F97005F4191 /* Build configuration list for PBXNativeTarget "Rex-watchOS" */;
			buildPhases = (
				D8715D8F1C210F97005F4191 /* Sources */,
				D8715D901C210F97005F4191 /* Frameworks */,
				D8715D911C210F97005F4191 /* Headers */,
				D8715D921C210F97005F4191 /* Resources */,
			);
			buildRules = (
			);
			dependencies = (
			);
			name = "Rex-watchOS";
			productName = Rex;
			productReference = D8715D941C210F97005F4191 /* Rex.framework */;
			productType = "com.apple.product-type.framework";
		};
		D8715DAF1C21123E005F4191 /* Rex-tvOS */ = {
			isa = PBXNativeTarget;
			buildConfigurationList = D8715DB51C21123E005F4191 /* Build configuration list for PBXNativeTarget "Rex-tvOS" */;
			buildPhases = (
				D8715DAB1C21123E005F4191 /* Sources */,
				D8715DAC1C21123E005F4191 /* Frameworks */,
				D8715DAD1C21123E005F4191 /* Headers */,
				D8715DAE1C21123E005F4191 /* Resources */,
			);
			buildRules = (
			);
			dependencies = (
			);
			name = "Rex-tvOS";
			productName = Rex;
			productReference = D8715DB01C21123E005F4191 /* Rex.framework */;
			productType = "com.apple.product-type.framework";
		};
		D8715DD01C21160A005F4191 /* RexTests-tvOS */ = {
			isa = PBXNativeTarget;
			buildConfigurationList = D8715DD91C21160A005F4191 /* Build configuration list for PBXNativeTarget "RexTests-tvOS" */;
			buildPhases = (
				D8715DCD1C21160A005F4191 /* Sources */,
				D8715DCE1C21160A005F4191 /* Frameworks */,
				D8715DCF1C21160A005F4191 /* Resources */,
				D8715DE81C21172A005F4191 /* (null) */,
			);
			buildRules = (
			);
			dependencies = (
				D8715DD81C21160A005F4191 /* PBXTargetDependency */,
			);
			name = "RexTests-tvOS";
			productName = RexTests;
			productReference = D8715DD11C21160A005F4191 /* RexTests-tvOS.xctest */;
			productType = "com.apple.product-type.bundle.unit-test";
		};
/* End PBXNativeTarget section */

/* Begin PBXProject section */
		D8003E851AFEC3D400D7D3C5 /* Project object */ = {
			isa = PBXProject;
			attributes = {
				LastSwiftUpdateCheck = 0720;
				LastUpgradeCheck = 0700;
				ORGANIZATIONNAME = "Neil Pankey";
				TargetAttributes = {
					D8003E8D1AFEC3D400D7D3C5 = {
						CreatedOnToolsVersion = 6.3;
					};
					D8003E981AFEC3D400D7D3C5 = {
						CreatedOnToolsVersion = 6.3;
					};
					D83457131AFEE44E0070616A = {
						CreatedOnToolsVersion = 6.3;
					};
					D834571D1AFEE44E0070616A = {
						CreatedOnToolsVersion = 6.3;
					};
					D8715D931C210F97005F4191 = {
						CreatedOnToolsVersion = 7.2;
					};
					D8715DAF1C21123E005F4191 = {
						CreatedOnToolsVersion = 7.2;
					};
					D8715DD01C21160A005F4191 = {
						CreatedOnToolsVersion = 7.2;
					};
				};
			};
			buildConfigurationList = D8003E881AFEC3D400D7D3C5 /* Build configuration list for PBXProject "Rex-Mac" */;
			compatibilityVersion = "Xcode 3.2";
			developmentRegion = English;
			hasScannedForEncodings = 0;
			knownRegions = (
				en,
			);
			mainGroup = D8003E841AFEC3D400D7D3C5;
			productRefGroup = D8003E841AFEC3D400D7D3C5;
			projectDirPath = "";
			projectRoot = "";
			targets = (
				D8003E8D1AFEC3D400D7D3C5 /* Rex-Mac */,
				D8003E981AFEC3D400D7D3C5 /* RexTests-Mac */,
				D83457131AFEE44E0070616A /* Rex-iOS */,
				D834571D1AFEE44E0070616A /* RexTests-iOS */,
				D8715DAF1C21123E005F4191 /* Rex-tvOS */,
				D8715DD01C21160A005F4191 /* RexTests-tvOS */,
				D8715D931C210F97005F4191 /* Rex-watchOS */,
			);
		};
/* End PBXProject section */

/* Begin PBXResourcesBuildPhase section */
		D8003E8C1AFEC3D400D7D3C5 /* Resources */ = {
			isa = PBXResourcesBuildPhase;
			buildActionMask = 2147483647;
			files = (
			);
			runOnlyForDeploymentPostprocessing = 0;
		};
		D8003E971AFEC3D400D7D3C5 /* Resources */ = {
			isa = PBXResourcesBuildPhase;
			buildActionMask = 2147483647;
			files = (
			);
			runOnlyForDeploymentPostprocessing = 0;
		};
		D83457121AFEE44E0070616A /* Resources */ = {
			isa = PBXResourcesBuildPhase;
			buildActionMask = 2147483647;
			files = (
			);
			runOnlyForDeploymentPostprocessing = 0;
		};
		D834571C1AFEE44E0070616A /* Resources */ = {
			isa = PBXResourcesBuildPhase;
			buildActionMask = 2147483647;
			files = (
			);
			runOnlyForDeploymentPostprocessing = 0;
		};
		D8715D921C210F97005F4191 /* Resources */ = {
			isa = PBXResourcesBuildPhase;
			buildActionMask = 2147483647;
			files = (
			);
			runOnlyForDeploymentPostprocessing = 0;
		};
		D8715DAE1C21123E005F4191 /* Resources */ = {
			isa = PBXResourcesBuildPhase;
			buildActionMask = 2147483647;
			files = (
			);
			runOnlyForDeploymentPostprocessing = 0;
		};
		D8715DCF1C21160A005F4191 /* Resources */ = {
			isa = PBXResourcesBuildPhase;
			buildActionMask = 2147483647;
			files = (
			);
			runOnlyForDeploymentPostprocessing = 0;
		};
/* End PBXResourcesBuildPhase section */

/* Begin PBXSourcesBuildPhase section */
		D8003E891AFEC3D400D7D3C5 /* Sources */ = {
			isa = PBXSourcesBuildPhase;
			buildActionMask = 2147483647;
			files = (
				C72CF3E51CBF188A00E19897 /* RACSignal.swift in Sources */,
				D8A454061BD26A1A00C9E790 /* Property.swift in Sources */,
				D86FFBDA1B34B3F0001A89B3 /* Action.swift in Sources */,
				D86FFBD11B34AD6F001A89B3 /* Association.swift in Sources */,
				D8003EB91AFEC7A900D7D3C5 /* SignalProducer.swift in Sources */,
				D8003EBD1AFED01000D7D3C5 /* Signal.swift in Sources */,
				D8F097441B17F3C8002E15BA /* NSObject.swift in Sources */,
				D8F0973B1B17F2F7002E15BA /* NSData.swift in Sources */,
				4238D5961B4D5950008534C0 /* NSTextField.swift in Sources */,
				D8F0973D1B17F30D002E15BA /* NSUserDefaults.swift in Sources */,
			);
			runOnlyForDeploymentPostprocessing = 0;
		};
		D8003E951AFEC3D400D7D3C5 /* Sources */ = {
			isa = PBXSourcesBuildPhase;
			buildActionMask = 2147483647;
			files = (
				CC02C18A1CCA704E0025CC04 /* ActionTests.swift in Sources */,
				D8F0974A1B17F5E1002E15BA /* NSObjectTests.swift in Sources */,
				D8003EC21AFED30F00D7D3C5 /* SignalTests.swift in Sources */,
				D8003EC31AFED30F00D7D3C5 /* SignalProducerTests.swift in Sources */,
				D8A454091BD2772700C9E790 /* PropertyTests.swift in Sources */,
			);
			runOnlyForDeploymentPostprocessing = 0;
		};
		D834570F1AFEE44E0070616A /* Sources */ = {
			isa = PBXSourcesBuildPhase;
			buildActionMask = 2147483647;
			files = (
				9DA915A41CA6301C003723B9 /* UIDatePicker.swift in Sources */,
				D86FFBD81B34B242001A89B3 /* UILabel.swift in Sources */,
				7DCF5B331CC80D77004AEE75 /* UICollectionReusableView.swift in Sources */,
				D86FFBDB1B34B3F0001A89B3 /* Action.swift in Sources */,
				D86FFBD21B34AD7A001A89B3 /* Association.swift in Sources */,
				C7932E831C4B3F3000086F3C /* UITextField.swift in Sources */,
				7DC325761CC6FCF100746D88 /* UITableViewHeaderFooterView.swift in Sources */,
				7DC325741CC6FCF100746D88 /* UITableViewCell.swift in Sources */,
				5B7F81E31D0842AD0014B06D /* UISegmentedControl.swift in Sources */,
				8289A2E31BD7EF740097FB60 /* UIImageView.swift in Sources */,
				D8F0973E1B17F30D002E15BA /* NSUserDefaults.swift in Sources */,
				D834572D1AFEE45B0070616A /* Signal.swift in Sources */,
				D8E4A6211B7BBB2100EAD8A8 /* UIBarItem.swift in Sources */,
				7D2AA99B1CB6EFEB008AB5C9 /* UISwitch.swift in Sources */,
				7DBD48F31CC8141D0077AD4F /* Reusable.swift in Sources */,
				C72CF3E61CBF188A00E19897 /* RACSignal.swift in Sources */,
				D8A454071BD26A1A00C9E790 /* Property.swift in Sources */,
				D8E4A6201B7BBB1600EAD8A8 /* UIBarButtonItem.swift in Sources */,
				D8F097451B17F3C8002E15BA /* NSObject.swift in Sources */,
				C7945F111CC192E800DC9E37 /* UIViewController.swift in Sources */,
				E6933BEC1CD9C37D006F7CE7 /* UIProgressView.swift in Sources */,
				D834572E1AFEE45B0070616A /* SignalProducer.swift in Sources */,
				C7DCE2B41CB3C89A001217D8 /* UITextView.swift in Sources */,
				8289A2E51BD7F6DD0097FB60 /* UIView.swift in Sources */,
				D86FFBD61B34B116001A89B3 /* UIControl.swift in Sources */,
				D8F0973F1B17F31E002E15BA /* NSData.swift in Sources */,
				D86FFBDD1B34B691001A89B3 /* UIButton.swift in Sources */,
				45CED4711D27C1EB00788BDC /* UIActivityIndicatorView.swift in Sources */,
			);
			runOnlyForDeploymentPostprocessing = 0;
		};
		D834571A1AFEE44E0070616A /* Sources */ = {
			isa = PBXSourcesBuildPhase;
			buildActionMask = 2147483647;
			files = (
				E6933BEA1CD9C335006F7CE7 /* UIProgressViewTests.swift in Sources */,
				45CED46F1D27C1E300788BDC /* UIActivityIndicatorViewTests.swift in Sources */,
				CC02C18B1CCA704F0025CC04 /* ActionTests.swift in Sources */,
				7DC325801CC6FD2100746D88 /* UITableViewHeaderFooterViewTests.swift in Sources */,
				8289A2E11BD7EF1F0097FB60 /* UIImageViewTests.swift in Sources */,
				D8F0974B1B17F5E2002E15BA /* NSObjectTests.swift in Sources */,
				7DCF5B361CC80E8E004AEE75 /* UICollectionReusableViewTests.swift in Sources */,
				8289A2E81BD7F7900097FB60 /* UIViewTests.swift in Sources */,
				D8F073161B863CE70047D546 /* UILabelTests.swift in Sources */,
				7D2AA99D1CB6F275008AB5C9 /* UISwitchTests.swift in Sources */,
				C7932E871C4B42F500086F3C /* UITextFieldTests.swift in Sources */,
				8295FD8A1B87352D007C9000 /* UIButtonTests.swift in Sources */,
				D8A4540A1BD2772700C9E790 /* PropertyTests.swift in Sources */,
				C7945F141CC1DFBE00DC9E37 /* UIViewControllerTests.swift in Sources */,
				7DC3257F1CC6FD1E00746D88 /* UITableViewCellTests.swift in Sources */,
				9DA915A61CA63046003723B9 /* UIDatePickerTests.swift in Sources */,
				4A8EDADB1D54D12400A1734C /* UIControl+EnableSendActionsForControlEvents.swift in Sources */,
				D83457301AFEE45E0070616A /* SignalProducerTests.swift in Sources */,
				D83457411AFEE6050070616A /* SignalTests.swift in Sources */,
				8295FD8D1B87374A007C9000 /* UIBarButtonItemTests.swift in Sources */,
				8295FD871B87309F007C9000 /* UIControlTests.swift in Sources */,
				C7DCE2B71CB3C9D6001217D8 /* UITextViewTests.swift in Sources */,
				5B7F81E41D0842B50014B06D /* UISegmentedControlTests.swift in Sources */,
			);
			runOnlyForDeploymentPostprocessing = 0;
		};
		D8715D8F1C210F97005F4191 /* Sources */ = {
			isa = PBXSourcesBuildPhase;
			buildActionMask = 2147483647;
			files = (
				D8715D9E1C210FF9005F4191 /* Property.swift in Sources */,
				D8715DA01C210FF9005F4191 /* SignalProducer.swift in Sources */,
				D8715DA31C21107F005F4191 /* Association.swift in Sources */,
				D8715DA51C21107F005F4191 /* NSObject.swift in Sources */,
				D8715D9F1C210FF9005F4191 /* Signal.swift in Sources */,
				C72CF3E81CBF188A00E19897 /* RACSignal.swift in Sources */,
				D8715DA41C21107F005F4191 /* NSData.swift in Sources */,
				D8715D9D1C210FF9005F4191 /* Action.swift in Sources */,
				D8715DA61C21107F005F4191 /* NSUserDefaults.swift in Sources */,
			);
			runOnlyForDeploymentPostprocessing = 0;
		};
		D8715DAB1C21123E005F4191 /* Sources */ = {
			isa = PBXSourcesBuildPhase;
			buildActionMask = 2147483647;
			files = (
				D8715DBB1C2112D1005F4191 /* Property.swift in Sources */,
				D8715DCA1C211553005F4191 /* UILabel.swift in Sources */,
				7DCF5B341CC80D78004AEE75 /* UICollectionReusableView.swift in Sources */,
				D8715DCB1C211553005F4191 /* UIImageView.swift in Sources */,
				C7932E841C4B41E100086F3C /* UITextField.swift in Sources */,
				7DBD48F41CC8141D0077AD4F /* Reusable.swift in Sources */,
				D8715DC61C211553005F4191 /* UIBarButtonItem.swift in Sources */,
				D8715DBD1C2112D1005F4191 /* SignalProducer.swift in Sources */,
				D8715DBE1C2112D6005F4191 /* Association.swift in Sources */,
				7DC325771CC6FCF100746D88 /* UITableViewHeaderFooterView.swift in Sources */,
				D8715DC01C2112D6005F4191 /* NSObject.swift in Sources */,
				D8715DC91C211553005F4191 /* UIControl.swift in Sources */,
				7DC325751CC6FCF100746D88 /* UITableViewCell.swift in Sources */,
				D8715DBC1C2112D1005F4191 /* Signal.swift in Sources */,
				C72CF3E71CBF188A00E19897 /* RACSignal.swift in Sources */,
				E6933BED1CD9C37D006F7CE7 /* UIProgressView.swift in Sources */,
				D8715DBF1C2112D6005F4191 /* NSData.swift in Sources */,
				D8715DCC1C211553005F4191 /* UIView.swift in Sources */,
				D8715DBA1C2112D1005F4191 /* Action.swift in Sources */,
				D8715DC81C211553005F4191 /* UIButton.swift in Sources */,
				D8715DC71C211553005F4191 /* UIBarItem.swift in Sources */,
				D8715DC11C2112D6005F4191 /* NSUserDefaults.swift in Sources */,
				45CED4721D27C1EC00788BDC /* UIActivityIndicatorView.swift in Sources */,
			);
			runOnlyForDeploymentPostprocessing = 0;
		};
		D8715DCD1C21160A005F4191 /* Sources */ = {
			isa = PBXSourcesBuildPhase;
			buildActionMask = 2147483647;
			files = (
				E6933BEB1CD9C363006F7CE7 /* UIProgressViewTests.swift in Sources */,
				D8715DE51C211643005F4191 /* UIViewTests.swift in Sources */,
				7DCF5B371CC80E8E004AEE75 /* UICollectionReusableViewTests.swift in Sources */,
				D8715DDE1C211637005F4191 /* SignalProducerTests.swift in Sources */,
				D8715DE11C211643005F4191 /* UIButtonTests.swift in Sources */,
				7D5FE3081CD4B04E00834675 /* UITextFieldTests.swift in Sources */,
				D8715DE21C211643005F4191 /* UIControlTests.swift in Sources */,
				CC02C18C1CCA704F0025CC04 /* ActionTests.swift in Sources */,
				D8715DDF1C21163B005F4191 /* NSObjectTests.swift in Sources */,
				7DC3257E1CC6FD1C00746D88 /* UITableViewCellTests.swift in Sources */,
				D8715DDC1C211637005F4191 /* PropertyTests.swift in Sources */,
				D8715DDD1C211637005F4191 /* SignalTests.swift in Sources */,
				7DC325811CC6FD2300746D88 /* UITableViewHeaderFooterViewTests.swift in Sources */,
				D8715DE41C211643005F4191 /* UIImageViewTests.swift in Sources */,
				D8715DE31C211643005F4191 /* UILabelTests.swift in Sources */,
				45CED4701D27C1E400788BDC /* UIActivityIndicatorViewTests.swift in Sources */,
				D8715DE01C211643005F4191 /* UIBarButtonItemTests.swift in Sources */,
			);
			runOnlyForDeploymentPostprocessing = 0;
		};
/* End PBXSourcesBuildPhase section */

/* Begin PBXTargetDependency section */
		D8003E9C1AFEC3D400D7D3C5 /* PBXTargetDependency */ = {
			isa = PBXTargetDependency;
			target = D8003E8D1AFEC3D400D7D3C5 /* Rex-Mac */;
			targetProxy = D8003E9B1AFEC3D400D7D3C5 /* PBXContainerItemProxy */;
		};
		D83457211AFEE44E0070616A /* PBXTargetDependency */ = {
			isa = PBXTargetDependency;
			target = D83457131AFEE44E0070616A /* Rex-iOS */;
			targetProxy = D83457201AFEE44E0070616A /* PBXContainerItemProxy */;
		};
		D8715DD81C21160A005F4191 /* PBXTargetDependency */ = {
			isa = PBXTargetDependency;
			target = D8715DAF1C21123E005F4191 /* Rex-tvOS */;
			targetProxy = D8715DD71C21160A005F4191 /* PBXContainerItemProxy */;
		};
/* End PBXTargetDependency section */

/* Begin XCBuildConfiguration section */
		D8003EA21AFEC3D400D7D3C5 /* Debug */ = {
			isa = XCBuildConfiguration;
			buildSettings = {
				ALWAYS_SEARCH_USER_PATHS = NO;
				CLANG_CXX_LANGUAGE_STANDARD = "gnu++0x";
				CLANG_CXX_LIBRARY = "libc++";
				CLANG_ENABLE_MODULES = YES;
				CLANG_ENABLE_OBJC_ARC = YES;
				CLANG_WARN_BOOL_CONVERSION = YES;
				CLANG_WARN_CONSTANT_CONVERSION = YES;
				CLANG_WARN_DIRECT_OBJC_ISA_USAGE = YES_ERROR;
				CLANG_WARN_EMPTY_BODY = YES;
				CLANG_WARN_ENUM_CONVERSION = YES;
				CLANG_WARN_INT_CONVERSION = YES;
				CLANG_WARN_OBJC_ROOT_CLASS = YES_ERROR;
				CLANG_WARN_UNREACHABLE_CODE = YES;
				CLANG_WARN__DUPLICATE_METHOD_MATCH = YES;
				COPY_PHASE_STRIP = NO;
				CURRENT_PROJECT_VERSION = 1;
				DEBUG_INFORMATION_FORMAT = dwarf;
				ENABLE_STRICT_OBJC_MSGSEND = YES;
				ENABLE_TESTABILITY = YES;
				GCC_C_LANGUAGE_STANDARD = gnu99;
				GCC_DYNAMIC_NO_PIC = NO;
				GCC_NO_COMMON_BLOCKS = YES;
				GCC_OPTIMIZATION_LEVEL = 0;
				GCC_PREPROCESSOR_DEFINITIONS = (
					"DEBUG=1",
					"$(inherited)",
				);
				GCC_SYMBOLS_PRIVATE_EXTERN = NO;
				GCC_WARN_64_TO_32_BIT_CONVERSION = YES;
				GCC_WARN_ABOUT_RETURN_TYPE = YES_ERROR;
				GCC_WARN_UNDECLARED_SELECTOR = YES;
				GCC_WARN_UNINITIALIZED_AUTOS = YES_AGGRESSIVE;
				GCC_WARN_UNUSED_FUNCTION = YES;
				GCC_WARN_UNUSED_VARIABLE = YES;
				MACOSX_DEPLOYMENT_TARGET = 10.10;
				MTL_ENABLE_DEBUG_INFO = YES;
				ONLY_ACTIVE_ARCH = YES;
				SDKROOT = macosx;
				SWIFT_OPTIMIZATION_LEVEL = "-Onone";
				VERSIONING_SYSTEM = "apple-generic";
				VERSION_INFO_PREFIX = "";
			};
			name = Debug;
		};
		D8003EA31AFEC3D400D7D3C5 /* Release */ = {
			isa = XCBuildConfiguration;
			buildSettings = {
				ALWAYS_SEARCH_USER_PATHS = NO;
				CLANG_CXX_LANGUAGE_STANDARD = "gnu++0x";
				CLANG_CXX_LIBRARY = "libc++";
				CLANG_ENABLE_MODULES = YES;
				CLANG_ENABLE_OBJC_ARC = YES;
				CLANG_WARN_BOOL_CONVERSION = YES;
				CLANG_WARN_CONSTANT_CONVERSION = YES;
				CLANG_WARN_DIRECT_OBJC_ISA_USAGE = YES_ERROR;
				CLANG_WARN_EMPTY_BODY = YES;
				CLANG_WARN_ENUM_CONVERSION = YES;
				CLANG_WARN_INT_CONVERSION = YES;
				CLANG_WARN_OBJC_ROOT_CLASS = YES_ERROR;
				CLANG_WARN_UNREACHABLE_CODE = YES;
				CLANG_WARN__DUPLICATE_METHOD_MATCH = YES;
				COPY_PHASE_STRIP = NO;
				CURRENT_PROJECT_VERSION = 1;
				DEBUG_INFORMATION_FORMAT = "dwarf-with-dsym";
				ENABLE_NS_ASSERTIONS = NO;
				ENABLE_STRICT_OBJC_MSGSEND = YES;
				GCC_C_LANGUAGE_STANDARD = gnu99;
				GCC_NO_COMMON_BLOCKS = YES;
				GCC_WARN_64_TO_32_BIT_CONVERSION = YES;
				GCC_WARN_ABOUT_RETURN_TYPE = YES_ERROR;
				GCC_WARN_UNDECLARED_SELECTOR = YES;
				GCC_WARN_UNINITIALIZED_AUTOS = YES_AGGRESSIVE;
				GCC_WARN_UNUSED_FUNCTION = YES;
				GCC_WARN_UNUSED_VARIABLE = YES;
				MACOSX_DEPLOYMENT_TARGET = 10.10;
				MTL_ENABLE_DEBUG_INFO = NO;
				SDKROOT = macosx;
				VERSIONING_SYSTEM = "apple-generic";
				VERSION_INFO_PREFIX = "";
			};
			name = Release;
		};
		D8003EA51AFEC3D400D7D3C5 /* Debug */ = {
			isa = XCBuildConfiguration;
			buildSettings = {
				APPLICATION_EXTENSION_API_ONLY = YES;
				CLANG_ENABLE_MODULES = YES;
				COMBINE_HIDPI_IMAGES = YES;
				DEFINES_MODULE = YES;
				DYLIB_COMPATIBILITY_VERSION = 1;
				DYLIB_CURRENT_VERSION = 1;
				DYLIB_INSTALL_NAME_BASE = "@rpath";
				FRAMEWORK_SEARCH_PATHS = (
					"$(inherited)",
					"$(PROJECT_DIR)/Carthage/Build/Mac",
				);
				FRAMEWORK_VERSION = A;
				INFOPLIST_FILE = Source/Info.plist;
				INSTALL_PATH = "$(LOCAL_LIBRARY_DIR)/Frameworks";
				LD_RUNPATH_SEARCH_PATHS = "$(inherited) @executable_path/../Frameworks @loader_path/Frameworks";
				MACOSX_DEPLOYMENT_TARGET = 10.9;
				PRODUCT_BUNDLE_IDENTIFIER = "me.neilpa.$(PRODUCT_NAME:rfc1034identifier)";
				PRODUCT_NAME = "$(PROJECT_NAME)";
				SKIP_INSTALL = YES;
				SWIFT_OPTIMIZATION_LEVEL = "-Onone";
			};
			name = Debug;
		};
		D8003EA61AFEC3D400D7D3C5 /* Release */ = {
			isa = XCBuildConfiguration;
			buildSettings = {
				APPLICATION_EXTENSION_API_ONLY = YES;
				CLANG_ENABLE_MODULES = YES;
				COMBINE_HIDPI_IMAGES = YES;
				DEFINES_MODULE = YES;
				DYLIB_COMPATIBILITY_VERSION = 1;
				DYLIB_CURRENT_VERSION = 1;
				DYLIB_INSTALL_NAME_BASE = "@rpath";
				FRAMEWORK_SEARCH_PATHS = (
					"$(inherited)",
					"$(PROJECT_DIR)/Carthage/Build/Mac",
				);
				FRAMEWORK_VERSION = A;
				INFOPLIST_FILE = Source/Info.plist;
				INSTALL_PATH = "$(LOCAL_LIBRARY_DIR)/Frameworks";
				LD_RUNPATH_SEARCH_PATHS = "$(inherited) @executable_path/../Frameworks @loader_path/Frameworks";
				MACOSX_DEPLOYMENT_TARGET = 10.9;
				PRODUCT_BUNDLE_IDENTIFIER = "me.neilpa.$(PRODUCT_NAME:rfc1034identifier)";
				PRODUCT_NAME = "$(PROJECT_NAME)";
				SKIP_INSTALL = YES;
			};
			name = Release;
		};
		D8003EA81AFEC3D400D7D3C5 /* Debug */ = {
			isa = XCBuildConfiguration;
			buildSettings = {
				COMBINE_HIDPI_IMAGES = YES;
				FRAMEWORK_SEARCH_PATHS = (
					"$(DEVELOPER_FRAMEWORKS_DIR)",
					"$(inherited)",
					"$(PROJECT_DIR)/Carthage/Build/Mac",
				);
				GCC_PREPROCESSOR_DEFINITIONS = (
					"DEBUG=1",
					"$(inherited)",
				);
				INFOPLIST_FILE = Tests/Info.plist;
				LD_RUNPATH_SEARCH_PATHS = "$(inherited) @executable_path/../Frameworks @loader_path/../Frameworks";
				PRODUCT_BUNDLE_IDENTIFIER = "me.neilpa.$(PRODUCT_NAME:rfc1034identifier)";
				PRODUCT_NAME = "$(TARGET_NAME)";
			};
			name = Debug;
		};
		D8003EA91AFEC3D400D7D3C5 /* Release */ = {
			isa = XCBuildConfiguration;
			buildSettings = {
				COMBINE_HIDPI_IMAGES = YES;
				FRAMEWORK_SEARCH_PATHS = (
					"$(DEVELOPER_FRAMEWORKS_DIR)",
					"$(inherited)",
					"$(PROJECT_DIR)/Carthage/Build/Mac",
				);
				INFOPLIST_FILE = Tests/Info.plist;
				LD_RUNPATH_SEARCH_PATHS = "$(inherited) @executable_path/../Frameworks @loader_path/../Frameworks";
				PRODUCT_BUNDLE_IDENTIFIER = "me.neilpa.$(PRODUCT_NAME:rfc1034identifier)";
				PRODUCT_NAME = "$(TARGET_NAME)";
			};
			name = Release;
		};
		D83457271AFEE44E0070616A /* Debug */ = {
			isa = XCBuildConfiguration;
			buildSettings = {
				APPLICATION_EXTENSION_API_ONLY = YES;
				CODE_SIGN_IDENTITY = "iPhone Developer";
				"CODE_SIGN_IDENTITY[sdk=iphonesimulator*]" = "";
				DEBUG_INFORMATION_FORMAT = "dwarf-with-dsym";
				DEFINES_MODULE = YES;
				DYLIB_COMPATIBILITY_VERSION = 1;
				DYLIB_CURRENT_VERSION = 1;
				DYLIB_INSTALL_NAME_BASE = "@rpath";
				FRAMEWORK_SEARCH_PATHS = (
					"$(inherited)",
					"$(PROJECT_DIR)/Carthage/Build/iOS",
				);
				GCC_PREPROCESSOR_DEFINITIONS = (
					"DEBUG=1",
					"$(inherited)",
				);
				INFOPLIST_FILE = Source/Info.plist;
				INSTALL_PATH = "$(LOCAL_LIBRARY_DIR)/Frameworks";
				IPHONEOS_DEPLOYMENT_TARGET = 8.0;
				LD_RUNPATH_SEARCH_PATHS = "$(inherited) @executable_path/Frameworks @loader_path/Frameworks";
				PRODUCT_BUNDLE_IDENTIFIER = "me.neilpa.$(PRODUCT_NAME:rfc1034identifier)";
				PRODUCT_NAME = "$(PROJECT_NAME)";
				SDKROOT = iphoneos;
				SKIP_INSTALL = YES;
				TARGETED_DEVICE_FAMILY = "1,2";
			};
			name = Debug;
		};
		D83457281AFEE44E0070616A /* Release */ = {
			isa = XCBuildConfiguration;
			buildSettings = {
				APPLICATION_EXTENSION_API_ONLY = YES;
				CODE_SIGN_IDENTITY = "iPhone Developer";
				"CODE_SIGN_IDENTITY[sdk=iphonesimulator*]" = "";
				DEFINES_MODULE = YES;
				DYLIB_COMPATIBILITY_VERSION = 1;
				DYLIB_CURRENT_VERSION = 1;
				DYLIB_INSTALL_NAME_BASE = "@rpath";
				FRAMEWORK_SEARCH_PATHS = (
					"$(inherited)",
					"$(PROJECT_DIR)/Carthage/Build/iOS",
				);
				INFOPLIST_FILE = Source/Info.plist;
				INSTALL_PATH = "$(LOCAL_LIBRARY_DIR)/Frameworks";
				IPHONEOS_DEPLOYMENT_TARGET = 8.0;
				LD_RUNPATH_SEARCH_PATHS = "$(inherited) @executable_path/Frameworks @loader_path/Frameworks";
				PRODUCT_BUNDLE_IDENTIFIER = "me.neilpa.$(PRODUCT_NAME:rfc1034identifier)";
				PRODUCT_NAME = "$(PROJECT_NAME)";
				SDKROOT = iphoneos;
				SKIP_INSTALL = YES;
				TARGETED_DEVICE_FAMILY = "1,2";
				VALIDATE_PRODUCT = YES;
			};
			name = Release;
		};
		D83457291AFEE44E0070616A /* Debug */ = {
			isa = XCBuildConfiguration;
			buildSettings = {
				CODE_SIGN_IDENTITY = "iPhone Developer";
				"CODE_SIGN_IDENTITY[sdk=iphonesimulator*]" = "";
				DEBUG_INFORMATION_FORMAT = "dwarf-with-dsym";
				FRAMEWORK_SEARCH_PATHS = (
					"$(inherited)",
					"$(PROJECT_DIR)/Carthage/Build/iOS",
				);
				GCC_PREPROCESSOR_DEFINITIONS = (
					"DEBUG=1",
					"$(inherited)",
				);
				INFOPLIST_FILE = Tests/Info.plist;
				IPHONEOS_DEPLOYMENT_TARGET = 8.3;
				LD_RUNPATH_SEARCH_PATHS = "$(inherited) @executable_path/Frameworks @loader_path/Frameworks";
				PRODUCT_BUNDLE_IDENTIFIER = "me.neilpa.$(PRODUCT_NAME:rfc1034identifier)";
				PRODUCT_NAME = "$(TARGET_NAME)";
				SDKROOT = iphoneos;
			};
			name = Debug;
		};
		D834572A1AFEE44E0070616A /* Release */ = {
			isa = XCBuildConfiguration;
			buildSettings = {
				CODE_SIGN_IDENTITY = "iPhone Developer";
				"CODE_SIGN_IDENTITY[sdk=iphonesimulator*]" = "";
				FRAMEWORK_SEARCH_PATHS = (
					"$(inherited)",
					"$(PROJECT_DIR)/Carthage/Build/iOS",
				);
				INFOPLIST_FILE = Tests/Info.plist;
				IPHONEOS_DEPLOYMENT_TARGET = 8.3;
				LD_RUNPATH_SEARCH_PATHS = "$(inherited) @executable_path/Frameworks @loader_path/Frameworks";
				PRODUCT_BUNDLE_IDENTIFIER = "me.neilpa.$(PRODUCT_NAME:rfc1034identifier)";
				PRODUCT_NAME = "$(TARGET_NAME)";
				SDKROOT = iphoneos;
				VALIDATE_PRODUCT = YES;
			};
			name = Release;
		};
		D8715D991C210F97005F4191 /* Debug */ = {
			isa = XCBuildConfiguration;
			buildSettings = {
				APPLICATION_EXTENSION_API_ONLY = YES;
				DEFINES_MODULE = YES;
				DYLIB_COMPATIBILITY_VERSION = 1;
				DYLIB_CURRENT_VERSION = 1;
				DYLIB_INSTALL_NAME_BASE = "@rpath";
				FRAMEWORK_SEARCH_PATHS = (
					"$(inherited)",
					"$(PROJECT_DIR)/Carthage/Build/watchOS",
				);
				INFOPLIST_FILE = Source/Info.plist;
				INSTALL_PATH = "$(LOCAL_LIBRARY_DIR)/Frameworks";
				LD_RUNPATH_SEARCH_PATHS = "$(inherited) @executable_path/Frameworks @loader_path/Frameworks";
				PRODUCT_BUNDLE_IDENTIFIER = me.neilpa.Rex;
				PRODUCT_NAME = "$(PROJECT_NAME)";
				SDKROOT = watchos;
				SKIP_INSTALL = YES;
				TARGETED_DEVICE_FAMILY = 4;
				WATCHOS_DEPLOYMENT_TARGET = 2.0;
			};
			name = Debug;
		};
		D8715D9A1C210F97005F4191 /* Release */ = {
			isa = XCBuildConfiguration;
			buildSettings = {
				APPLICATION_EXTENSION_API_ONLY = YES;
				DEFINES_MODULE = YES;
				DYLIB_COMPATIBILITY_VERSION = 1;
				DYLIB_CURRENT_VERSION = 1;
				DYLIB_INSTALL_NAME_BASE = "@rpath";
				FRAMEWORK_SEARCH_PATHS = (
					"$(inherited)",
					"$(PROJECT_DIR)/Carthage/Build/watchOS",
				);
				INFOPLIST_FILE = Source/Info.plist;
				INSTALL_PATH = "$(LOCAL_LIBRARY_DIR)/Frameworks";
				LD_RUNPATH_SEARCH_PATHS = "$(inherited) @executable_path/Frameworks @loader_path/Frameworks";
				PRODUCT_BUNDLE_IDENTIFIER = me.neilpa.Rex;
				PRODUCT_NAME = "$(PROJECT_NAME)";
				SDKROOT = watchos;
				SKIP_INSTALL = YES;
				TARGETED_DEVICE_FAMILY = 4;
				VALIDATE_PRODUCT = YES;
				WATCHOS_DEPLOYMENT_TARGET = 2.0;
			};
			name = Release;
		};
		D8715DB61C21123E005F4191 /* Debug */ = {
			isa = XCBuildConfiguration;
			buildSettings = {
				APPLICATION_EXTENSION_API_ONLY = YES;
				DEFINES_MODULE = YES;
				DYLIB_COMPATIBILITY_VERSION = 1;
				DYLIB_CURRENT_VERSION = 1;
				DYLIB_INSTALL_NAME_BASE = "@rpath";
				FRAMEWORK_SEARCH_PATHS = (
					"$(inherited)",
					"$(PROJECT_DIR)/Carthage/Build/tvOS",
				);
				INFOPLIST_FILE = "$(SRCROOT)/Source/Info.plist";
				INSTALL_PATH = "$(LOCAL_LIBRARY_DIR)/Frameworks";
				LD_RUNPATH_SEARCH_PATHS = "$(inherited) @executable_path/Frameworks @loader_path/Frameworks";
				PRODUCT_BUNDLE_IDENTIFIER = me.neilpa.Rex;
				PRODUCT_NAME = "$(PROJECT_NAME)";
				SDKROOT = appletvos;
				SKIP_INSTALL = YES;
				TARGETED_DEVICE_FAMILY = 3;
				TVOS_DEPLOYMENT_TARGET = 9.0;
			};
			name = Debug;
		};
		D8715DB71C21123E005F4191 /* Release */ = {
			isa = XCBuildConfiguration;
			buildSettings = {
				APPLICATION_EXTENSION_API_ONLY = YES;
				DEFINES_MODULE = YES;
				DYLIB_COMPATIBILITY_VERSION = 1;
				DYLIB_CURRENT_VERSION = 1;
				DYLIB_INSTALL_NAME_BASE = "@rpath";
				FRAMEWORK_SEARCH_PATHS = (
					"$(inherited)",
					"$(PROJECT_DIR)/Carthage/Build/tvOS",
				);
				INFOPLIST_FILE = "$(SRCROOT)/Source/Info.plist";
				INSTALL_PATH = "$(LOCAL_LIBRARY_DIR)/Frameworks";
				LD_RUNPATH_SEARCH_PATHS = "$(inherited) @executable_path/Frameworks @loader_path/Frameworks";
				PRODUCT_BUNDLE_IDENTIFIER = me.neilpa.Rex;
				PRODUCT_NAME = "$(PROJECT_NAME)";
				SDKROOT = appletvos;
				SKIP_INSTALL = YES;
				TARGETED_DEVICE_FAMILY = 3;
				TVOS_DEPLOYMENT_TARGET = 9.0;
				VALIDATE_PRODUCT = YES;
			};
			name = Release;
		};
		D8715DDA1C21160A005F4191 /* Debug */ = {
			isa = XCBuildConfiguration;
			buildSettings = {
				FRAMEWORK_SEARCH_PATHS = (
					"$(inherited)",
					"$(PROJECT_DIR)/Carthage/Build/tvOS",
				);
				INFOPLIST_FILE = Tests/Info.plist;
				LD_RUNPATH_SEARCH_PATHS = "$(inherited) @executable_path/Frameworks @loader_path/Frameworks";
				PRODUCT_BUNDLE_IDENTIFIER = me.neilpa.RexTests;
				PRODUCT_NAME = "$(TARGET_NAME)";
				SDKROOT = appletvos;
				TVOS_DEPLOYMENT_TARGET = 9.0;
			};
			name = Debug;
		};
		D8715DDB1C21160A005F4191 /* Release */ = {
			isa = XCBuildConfiguration;
			buildSettings = {
				FRAMEWORK_SEARCH_PATHS = (
					"$(inherited)",
					"$(PROJECT_DIR)/Carthage/Build/tvOS",
				);
				INFOPLIST_FILE = Tests/Info.plist;
				LD_RUNPATH_SEARCH_PATHS = "$(inherited) @executable_path/Frameworks @loader_path/Frameworks";
				PRODUCT_BUNDLE_IDENTIFIER = me.neilpa.RexTests;
				PRODUCT_NAME = "$(TARGET_NAME)";
				SDKROOT = appletvos;
				TVOS_DEPLOYMENT_TARGET = 9.0;
				VALIDATE_PRODUCT = YES;
			};
			name = Release;
		};
/* End XCBuildConfiguration section */

/* Begin XCConfigurationList section */
		D8003E881AFEC3D400D7D3C5 /* Build configuration list for PBXProject "Rex-Mac" */ = {
			isa = XCConfigurationList;
			buildConfigurations = (
				D8003EA21AFEC3D400D7D3C5 /* Debug */,
				D8003EA31AFEC3D400D7D3C5 /* Release */,
			);
			defaultConfigurationIsVisible = 0;
			defaultConfigurationName = Release;
		};
		D8003EA41AFEC3D400D7D3C5 /* Build configuration list for PBXNativeTarget "Rex-Mac" */ = {
			isa = XCConfigurationList;
			buildConfigurations = (
				D8003EA51AFEC3D400D7D3C5 /* Debug */,
				D8003EA61AFEC3D400D7D3C5 /* Release */,
			);
			defaultConfigurationIsVisible = 0;
			defaultConfigurationName = Release;
		};
		D8003EA71AFEC3D400D7D3C5 /* Build configuration list for PBXNativeTarget "RexTests-Mac" */ = {
			isa = XCConfigurationList;
			buildConfigurations = (
				D8003EA81AFEC3D400D7D3C5 /* Debug */,
				D8003EA91AFEC3D400D7D3C5 /* Release */,
			);
			defaultConfigurationIsVisible = 0;
			defaultConfigurationName = Release;
		};
		D834572B1AFEE44E0070616A /* Build configuration list for PBXNativeTarget "Rex-iOS" */ = {
			isa = XCConfigurationList;
			buildConfigurations = (
				D83457271AFEE44E0070616A /* Debug */,
				D83457281AFEE44E0070616A /* Release */,
			);
			defaultConfigurationIsVisible = 0;
			defaultConfigurationName = Release;
		};
		D834572C1AFEE44E0070616A /* Build configuration list for PBXNativeTarget "RexTests-iOS" */ = {
			isa = XCConfigurationList;
			buildConfigurations = (
				D83457291AFEE44E0070616A /* Debug */,
				D834572A1AFEE44E0070616A /* Release */,
			);
			defaultConfigurationIsVisible = 0;
			defaultConfigurationName = Release;
		};
		D8715D9B1C210F97005F4191 /* Build configuration list for PBXNativeTarget "Rex-watchOS" */ = {
			isa = XCConfigurationList;
			buildConfigurations = (
				D8715D991C210F97005F4191 /* Debug */,
				D8715D9A1C210F97005F4191 /* Release */,
			);
			defaultConfigurationIsVisible = 0;
			defaultConfigurationName = Release;
		};
		D8715DB51C21123E005F4191 /* Build configuration list for PBXNativeTarget "Rex-tvOS" */ = {
			isa = XCConfigurationList;
			buildConfigurations = (
				D8715DB61C21123E005F4191 /* Debug */,
				D8715DB71C21123E005F4191 /* Release */,
			);
			defaultConfigurationIsVisible = 0;
			defaultConfigurationName = Release;
		};
		D8715DD91C21160A005F4191 /* Build configuration list for PBXNativeTarget "RexTests-tvOS" */ = {
			isa = XCConfigurationList;
			buildConfigurations = (
				D8715DDA1C21160A005F4191 /* Debug */,
				D8715DDB1C21160A005F4191 /* Release */,
			);
			defaultConfigurationIsVisible = 0;
			defaultConfigurationName = Release;
		};
/* End XCConfigurationList section */
	};
	rootObject = D8003E851AFEC3D400D7D3C5 /* Project object */;
}
